// !$*UTF8*$!
{
	archiveVersion = 1;
	classes = {
	};
	objectVersion = 55;
	objects = {

/* Begin PBXBuildFile section */
		B118FCA6296708AF002E6AA5 /* RMCharacterCollectionViewCell.swift in Sources */ = {isa = PBXBuildFile; fileRef = B118FCA5296708AF002E6AA5 /* RMCharacterCollectionViewCell.swift */; };
		B118FCA8296709AF002E6AA5 /* RMCharacterCollectionViewCellViewModel.swift in Sources */ = {isa = PBXBuildFile; fileRef = B118FCA7296709AF002E6AA5 /* RMCharacterCollectionViewCellViewModel.swift */; };
		B11D76A0297195E900CA9D5F /* RMCharacterDetailViewController.swift in Sources */ = {isa = PBXBuildFile; fileRef = B11D769F297195E900CA9D5F /* RMCharacterDetailViewController.swift */; };
		B11D76A2297196DD00CA9D5F /* RMCharacterDetailViewViewModel.swift in Sources */ = {isa = PBXBuildFile; fileRef = B11D76A1297196DD00CA9D5F /* RMCharacterDetailViewViewModel.swift */; };
		B11D76A4297196F100CA9D5F /* RMCharacterDetailView.swift in Sources */ = {isa = PBXBuildFile; fileRef = B11D76A3297196F100CA9D5F /* RMCharacterDetailView.swift */; };
		B11D76A629719EFB00CA9D5F /* RMFooterLoadingCollectionReusableView.swift in Sources */ = {isa = PBXBuildFile; fileRef = B11D76A529719EFB00CA9D5F /* RMFooterLoadingCollectionReusableView.swift */; };
		B14640912982A8B6004189F6 /* RMEpisodeDetailViewController.swift in Sources */ = {isa = PBXBuildFile; fileRef = B14640902982A8B6004189F6 /* RMEpisodeDetailViewController.swift */; };
		B1564AF92964683E00CD7784 /* RMOrigin.swift in Sources */ = {isa = PBXBuildFile; fileRef = B1564AF82964683E00CD7784 /* RMOrigin.swift */; };
		B1564AFB296468A900CD7784 /* RMSingleLocation.swift in Sources */ = {isa = PBXBuildFile; fileRef = B1564AFA296468A900CD7784 /* RMSingleLocation.swift */; };
		B1564AFD29646A3C00CD7784 /* RMCharacterStatus.swift in Sources */ = {isa = PBXBuildFile; fileRef = B1564AFC29646A3C00CD7784 /* RMCharacterStatus.swift */; };
		B1564AFF29646A6A00CD7784 /* RMCharacterGender.swift in Sources */ = {isa = PBXBuildFile; fileRef = B1564AFE29646A6A00CD7784 /* RMCharacterGender.swift */; };
		B1771286296597B900C8F425 /* RMServiceError.swift in Sources */ = {isa = PBXBuildFile; fileRef = B1771285296597B900C8F425 /* RMServiceError.swift */; };
		B177128A29659C4F00C8F425 /* RMGetAllCharactersResponse.swift in Sources */ = {isa = PBXBuildFile; fileRef = B177128929659C4F00C8F425 /* RMGetAllCharactersResponse.swift */; };
		B177128D2965A22E00C8F425 /* RMCharacterListViewModel.swift in Sources */ = {isa = PBXBuildFile; fileRef = B177128C2965A22E00C8F425 /* RMCharacterListViewModel.swift */; };
		B177128F2965A2A300C8F425 /* RMCharacterListView.swift in Sources */ = {isa = PBXBuildFile; fileRef = B177128E2965A2A300C8F425 /* RMCharacterListView.swift */; };
		B17712912965A8B800C8F425 /* Extensions.swift in Sources */ = {isa = PBXBuildFile; fileRef = B17712902965A8B800C8F425 /* Extensions.swift */; };
		B19527D62976CD1100CF3A0D /* RMImageLoader.swift in Sources */ = {isa = PBXBuildFile; fileRef = B19527D52976CD1100CF3A0D /* RMImageLoader.swift */; };
		B195CC83297EB4CE00100CF0 /* RMCharacterPhotoCollectionViewCell.swift in Sources */ = {isa = PBXBuildFile; fileRef = B195CC82297EB4CE00100CF0 /* RMCharacterPhotoCollectionViewCell.swift */; };
		B195CC85297EB4E000100CF0 /* RMCharacterInfoCollectionViewCell.swift in Sources */ = {isa = PBXBuildFile; fileRef = B195CC84297EB4E000100CF0 /* RMCharacterInfoCollectionViewCell.swift */; };
		B195CC87297EB4ED00100CF0 /* RMCharacterEpisodeCollectionViewCell.swift in Sources */ = {isa = PBXBuildFile; fileRef = B195CC86297EB4ED00100CF0 /* RMCharacterEpisodeCollectionViewCell.swift */; };
		B195CC8B297EB54A00100CF0 /* RMCharacterPhotoCollectionViewCellViewModel.swift in Sources */ = {isa = PBXBuildFile; fileRef = B195CC8A297EB54A00100CF0 /* RMCharacterPhotoCollectionViewCellViewModel.swift */; };
		B195CC8D297EB55600100CF0 /* RMCharacterInfoCollectionViewCellViewModel.swift in Sources */ = {isa = PBXBuildFile; fileRef = B195CC8C297EB55600100CF0 /* RMCharacterInfoCollectionViewCellViewModel.swift */; };
		B195CC8F297EB57000100CF0 /* RMCharacterEpisodeCollectionViewCellViewModel.swift in Sources */ = {isa = PBXBuildFile; fileRef = B195CC8E297EB57000100CF0 /* RMCharacterEpisodeCollectionViewCellViewModel.swift */; };
		B1CFE78329633F990074A63B /* AppDelegate.swift in Sources */ = {isa = PBXBuildFile; fileRef = B1CFE78229633F990074A63B /* AppDelegate.swift */; };
		B1CFE78529633F990074A63B /* SceneDelegate.swift in Sources */ = {isa = PBXBuildFile; fileRef = B1CFE78429633F990074A63B /* SceneDelegate.swift */; };
		B1CFE78729633F990074A63B /* RMTabViewController.swift in Sources */ = {isa = PBXBuildFile; fileRef = B1CFE78629633F990074A63B /* RMTabViewController.swift */; };
		B1CFE78C29633F990074A63B /* Assets.xcassets in Resources */ = {isa = PBXBuildFile; fileRef = B1CFE78B29633F990074A63B /* Assets.xcassets */; };
		B1CFE78F29633F990074A63B /* LaunchScreen.storyboard in Resources */ = {isa = PBXBuildFile; fileRef = B1CFE78D29633F990074A63B /* LaunchScreen.storyboard */; };
		B1CFE79D296342150074A63B /* RMLocation.swift in Sources */ = {isa = PBXBuildFile; fileRef = B1CFE79C296342150074A63B /* RMLocation.swift */; };
		B1CFE79F296342270074A63B /* RMCharacter.swift in Sources */ = {isa = PBXBuildFile; fileRef = B1CFE79E296342270074A63B /* RMCharacter.swift */; };
		B1CFE7A1296342300074A63B /* RMEpisode.swift in Sources */ = {isa = PBXBuildFile; fileRef = B1CFE7A0296342300074A63B /* RMEpisode.swift */; };
		B1CFE7A4296342950074A63B /* RMCharacterViewController.swift in Sources */ = {isa = PBXBuildFile; fileRef = B1CFE7A3296342950074A63B /* RMCharacterViewController.swift */; };
		B1CFE7A6296342B10074A63B /* RMLocationViewController.swift in Sources */ = {isa = PBXBuildFile; fileRef = B1CFE7A5296342B10074A63B /* RMLocationViewController.swift */; };
		B1CFE7A9296342C70074A63B /* RMEpisodeViewController.swift in Sources */ = {isa = PBXBuildFile; fileRef = B1CFE7A8296342C70074A63B /* RMEpisodeViewController.swift */; };
		B1CFE7AB296342DC0074A63B /* RMSettingsViewController.swift in Sources */ = {isa = PBXBuildFile; fileRef = B1CFE7AA296342DC0074A63B /* RMSettingsViewController.swift */; };
		B1D9CBDC29634E600044FC9D /* RMService.swift in Sources */ = {isa = PBXBuildFile; fileRef = B1D9CBDB29634E600044FC9D /* RMService.swift */; };
		B1D9CBDE29634E6F0044FC9D /* RMRequest.swift in Sources */ = {isa = PBXBuildFile; fileRef = B1D9CBDD29634E6F0044FC9D /* RMRequest.swift */; };
		B1D9CBE029634EEC0044FC9D /* RMEndpoint.swift in Sources */ = {isa = PBXBuildFile; fileRef = B1D9CBDF29634EEC0044FC9D /* RMEndpoint.swift */; };
/* End PBXBuildFile section */

/* Begin PBXFileReference section */
		B118FCA5296708AF002E6AA5 /* RMCharacterCollectionViewCell.swift */ = {isa = PBXFileReference; lastKnownFileType = sourcecode.swift; path = RMCharacterCollectionViewCell.swift; sourceTree = "<group>"; };
		B118FCA7296709AF002E6AA5 /* RMCharacterCollectionViewCellViewModel.swift */ = {isa = PBXFileReference; lastKnownFileType = sourcecode.swift; path = RMCharacterCollectionViewCellViewModel.swift; sourceTree = "<group>"; };
		B11D769F297195E900CA9D5F /* RMCharacterDetailViewController.swift */ = {isa = PBXFileReference; lastKnownFileType = sourcecode.swift; path = RMCharacterDetailViewController.swift; sourceTree = "<group>"; };
		B11D76A1297196DD00CA9D5F /* RMCharacterDetailViewViewModel.swift */ = {isa = PBXFileReference; lastKnownFileType = sourcecode.swift; path = RMCharacterDetailViewViewModel.swift; sourceTree = "<group>"; };
		B11D76A3297196F100CA9D5F /* RMCharacterDetailView.swift */ = {isa = PBXFileReference; lastKnownFileType = sourcecode.swift; path = RMCharacterDetailView.swift; sourceTree = "<group>"; };
		B11D76A529719EFB00CA9D5F /* RMFooterLoadingCollectionReusableView.swift */ = {isa = PBXFileReference; lastKnownFileType = sourcecode.swift; path = RMFooterLoadingCollectionReusableView.swift; sourceTree = "<group>"; };
		B14640902982A8B6004189F6 /* RMEpisodeDetailViewController.swift */ = {isa = PBXFileReference; lastKnownFileType = sourcecode.swift; path = RMEpisodeDetailViewController.swift; sourceTree = "<group>"; };
		B1564AF82964683E00CD7784 /* RMOrigin.swift */ = {isa = PBXFileReference; lastKnownFileType = sourcecode.swift; path = RMOrigin.swift; sourceTree = "<group>"; };
		B1564AFA296468A900CD7784 /* RMSingleLocation.swift */ = {isa = PBXFileReference; lastKnownFileType = sourcecode.swift; path = RMSingleLocation.swift; sourceTree = "<group>"; };
		B1564AFC29646A3C00CD7784 /* RMCharacterStatus.swift */ = {isa = PBXFileReference; lastKnownFileType = sourcecode.swift; path = RMCharacterStatus.swift; sourceTree = "<group>"; };
		B1564AFE29646A6A00CD7784 /* RMCharacterGender.swift */ = {isa = PBXFileReference; lastKnownFileType = sourcecode.swift; path = RMCharacterGender.swift; sourceTree = "<group>"; };
		B1771285296597B900C8F425 /* RMServiceError.swift */ = {isa = PBXFileReference; lastKnownFileType = sourcecode.swift; path = RMServiceError.swift; sourceTree = "<group>"; };
		B177128929659C4F00C8F425 /* RMGetAllCharactersResponse.swift */ = {isa = PBXFileReference; lastKnownFileType = sourcecode.swift; path = RMGetAllCharactersResponse.swift; sourceTree = "<group>"; };
		B177128C2965A22E00C8F425 /* RMCharacterListViewModel.swift */ = {isa = PBXFileReference; lastKnownFileType = sourcecode.swift; path = RMCharacterListViewModel.swift; sourceTree = "<group>"; };
		B177128E2965A2A300C8F425 /* RMCharacterListView.swift */ = {isa = PBXFileReference; lastKnownFileType = sourcecode.swift; path = RMCharacterListView.swift; sourceTree = "<group>"; };
		B17712902965A8B800C8F425 /* Extensions.swift */ = {isa = PBXFileReference; lastKnownFileType = sourcecode.swift; path = Extensions.swift; sourceTree = "<group>"; };
		B19527D52976CD1100CF3A0D /* RMImageLoader.swift */ = {isa = PBXFileReference; lastKnownFileType = sourcecode.swift; path = RMImageLoader.swift; sourceTree = "<group>"; };
		B195CC82297EB4CE00100CF0 /* RMCharacterPhotoCollectionViewCell.swift */ = {isa = PBXFileReference; lastKnownFileType = sourcecode.swift; path = RMCharacterPhotoCollectionViewCell.swift; sourceTree = "<group>"; };
		B195CC84297EB4E000100CF0 /* RMCharacterInfoCollectionViewCell.swift */ = {isa = PBXFileReference; lastKnownFileType = sourcecode.swift; path = RMCharacterInfoCollectionViewCell.swift; sourceTree = "<group>"; };
		B195CC86297EB4ED00100CF0 /* RMCharacterEpisodeCollectionViewCell.swift */ = {isa = PBXFileReference; lastKnownFileType = sourcecode.swift; path = RMCharacterEpisodeCollectionViewCell.swift; sourceTree = "<group>"; };
		B195CC8A297EB54A00100CF0 /* RMCharacterPhotoCollectionViewCellViewModel.swift */ = {isa = PBXFileReference; lastKnownFileType = sourcecode.swift; path = RMCharacterPhotoCollectionViewCellViewModel.swift; sourceTree = "<group>"; };
		B195CC8C297EB55600100CF0 /* RMCharacterInfoCollectionViewCellViewModel.swift */ = {isa = PBXFileReference; lastKnownFileType = sourcecode.swift; path = RMCharacterInfoCollectionViewCellViewModel.swift; sourceTree = "<group>"; };
		B195CC8E297EB57000100CF0 /* RMCharacterEpisodeCollectionViewCellViewModel.swift */ = {isa = PBXFileReference; lastKnownFileType = sourcecode.swift; path = RMCharacterEpisodeCollectionViewCellViewModel.swift; sourceTree = "<group>"; };
		B1CFE77F29633F990074A63B /* RickAndMortyApp.app */ = {isa = PBXFileReference; explicitFileType = wrapper.application; includeInIndex = 0; path = RickAndMortyApp.app; sourceTree = BUILT_PRODUCTS_DIR; };
		B1CFE78229633F990074A63B /* AppDelegate.swift */ = {isa = PBXFileReference; lastKnownFileType = sourcecode.swift; path = AppDelegate.swift; sourceTree = "<group>"; };
		B1CFE78429633F990074A63B /* SceneDelegate.swift */ = {isa = PBXFileReference; lastKnownFileType = sourcecode.swift; path = SceneDelegate.swift; sourceTree = "<group>"; };
		B1CFE78629633F990074A63B /* RMTabViewController.swift */ = {isa = PBXFileReference; lastKnownFileType = sourcecode.swift; path = RMTabViewController.swift; sourceTree = "<group>"; };
		B1CFE78B29633F990074A63B /* Assets.xcassets */ = {isa = PBXFileReference; lastKnownFileType = folder.assetcatalog; path = Assets.xcassets; sourceTree = "<group>"; };
		B1CFE78E29633F990074A63B /* Base */ = {isa = PBXFileReference; lastKnownFileType = file.storyboard; name = Base; path = Base.lproj/LaunchScreen.storyboard; sourceTree = "<group>"; };
		B1CFE79029633F990074A63B /* Info.plist */ = {isa = PBXFileReference; lastKnownFileType = text.plist.xml; path = Info.plist; sourceTree = "<group>"; };
		B1CFE79C296342150074A63B /* RMLocation.swift */ = {isa = PBXFileReference; lastKnownFileType = sourcecode.swift; path = RMLocation.swift; sourceTree = "<group>"; };
		B1CFE79E296342270074A63B /* RMCharacter.swift */ = {isa = PBXFileReference; lastKnownFileType = sourcecode.swift; path = RMCharacter.swift; sourceTree = "<group>"; };
		B1CFE7A0296342300074A63B /* RMEpisode.swift */ = {isa = PBXFileReference; lastKnownFileType = sourcecode.swift; path = RMEpisode.swift; sourceTree = "<group>"; };
		B1CFE7A3296342950074A63B /* RMCharacterViewController.swift */ = {isa = PBXFileReference; lastKnownFileType = sourcecode.swift; path = RMCharacterViewController.swift; sourceTree = "<group>"; };
		B1CFE7A5296342B10074A63B /* RMLocationViewController.swift */ = {isa = PBXFileReference; lastKnownFileType = sourcecode.swift; path = RMLocationViewController.swift; sourceTree = "<group>"; };
		B1CFE7A8296342C70074A63B /* RMEpisodeViewController.swift */ = {isa = PBXFileReference; lastKnownFileType = sourcecode.swift; path = RMEpisodeViewController.swift; sourceTree = "<group>"; };
		B1CFE7AA296342DC0074A63B /* RMSettingsViewController.swift */ = {isa = PBXFileReference; lastKnownFileType = sourcecode.swift; path = RMSettingsViewController.swift; sourceTree = "<group>"; };
		B1D9CBDB29634E600044FC9D /* RMService.swift */ = {isa = PBXFileReference; lastKnownFileType = sourcecode.swift; path = RMService.swift; sourceTree = "<group>"; };
		B1D9CBDD29634E6F0044FC9D /* RMRequest.swift */ = {isa = PBXFileReference; lastKnownFileType = sourcecode.swift; path = RMRequest.swift; sourceTree = "<group>"; };
		B1D9CBDF29634EEC0044FC9D /* RMEndpoint.swift */ = {isa = PBXFileReference; lastKnownFileType = sourcecode.swift; path = RMEndpoint.swift; sourceTree = "<group>"; };
/* End PBXFileReference section */

/* Begin PBXFrameworksBuildPhase section */
		B1CFE77C29633F990074A63B /* Frameworks */ = {
			isa = PBXFrameworksBuildPhase;
			buildActionMask = 2147483647;
			files = (
			);
			runOnlyForDeploymentPostprocessing = 0;
		};
/* End PBXFrameworksBuildPhase section */

/* Begin PBXGroup section */
		B11D769E297195CC00CA9D5F /* Other */ = {
			isa = PBXGroup;
			children = (
				B11D769F297195E900CA9D5F /* RMCharacterDetailViewController.swift */,
				B14640902982A8B6004189F6 /* RMEpisodeDetailViewController.swift */,
			);
			path = Other;
			sourceTree = "<group>";
		};
		B177128729659C2800C8F425 /* DataTypes */ = {
			isa = PBXGroup;
			children = (
				B1CFE79C296342150074A63B /* RMLocation.swift */,
				B1CFE79E296342270074A63B /* RMCharacter.swift */,
				B1CFE7A0296342300074A63B /* RMEpisode.swift */,
				B1564AF82964683E00CD7784 /* RMOrigin.swift */,
				B1564AFA296468A900CD7784 /* RMSingleLocation.swift */,
				B1564AFC29646A3C00CD7784 /* RMCharacterStatus.swift */,
				B1564AFE29646A6A00CD7784 /* RMCharacterGender.swift */,
			);
			path = DataTypes;
			sourceTree = "<group>";
		};
		B177128829659C3500C8F425 /* APIResponseTypes */ = {
			isa = PBXGroup;
			children = (
				B177128929659C4F00C8F425 /* RMGetAllCharactersResponse.swift */,
			);
			path = APIResponseTypes;
			sourceTree = "<group>";
		};
		B177128B2965A21C00C8F425 /* ViewModels */ = {
			isa = PBXGroup;
			children = (
				B177128C2965A22E00C8F425 /* RMCharacterListViewModel.swift */,
				B118FCA7296709AF002E6AA5 /* RMCharacterCollectionViewCellViewModel.swift */,
				B195CC89297EB53800100CF0 /* CharacterDetail */,
			);
			path = ViewModels;
			sourceTree = "<group>";
		};
		B195CC80297EB49300100CF0 /* CharacterDeatils */ = {
			isa = PBXGroup;
			children = (
				B11D76A3297196F100CA9D5F /* RMCharacterDetailView.swift */,
				B195CC88297EB4F500100CF0 /* Cell Detail */,
			);
			path = CharacterDeatils;
			sourceTree = "<group>";
		};
		B195CC81297EB4AB00100CF0 /* Character */ = {
			isa = PBXGroup;
			children = (
				B177128E2965A2A300C8F425 /* RMCharacterListView.swift */,
				B118FCA5296708AF002E6AA5 /* RMCharacterCollectionViewCell.swift */,
			);
			path = Character;
			sourceTree = "<group>";
		};
		B195CC88297EB4F500100CF0 /* Cell Detail */ = {
			isa = PBXGroup;
			children = (
				B195CC82297EB4CE00100CF0 /* RMCharacterPhotoCollectionViewCell.swift */,
				B195CC84297EB4E000100CF0 /* RMCharacterInfoCollectionViewCell.swift */,
				B195CC86297EB4ED00100CF0 /* RMCharacterEpisodeCollectionViewCell.swift */,
			);
			path = "Cell Detail";
			sourceTree = "<group>";
		};
		B195CC89297EB53800100CF0 /* CharacterDetail */ = {
			isa = PBXGroup;
			children = (
				B11D76A1297196DD00CA9D5F /* RMCharacterDetailViewViewModel.swift */,
				B195CC90297EB57500100CF0 /* CharacterDetailCellViewModel */,
			);
			path = CharacterDetail;
			sourceTree = "<group>";
		};
		B195CC90297EB57500100CF0 /* CharacterDetailCellViewModel */ = {
			isa = PBXGroup;
			children = (
				B195CC8A297EB54A00100CF0 /* RMCharacterPhotoCollectionViewCellViewModel.swift */,
				B195CC8C297EB55600100CF0 /* RMCharacterInfoCollectionViewCellViewModel.swift */,
				B195CC8E297EB57000100CF0 /* RMCharacterEpisodeCollectionViewCellViewModel.swift */,
			);
			path = CharacterDetailCellViewModel;
			sourceTree = "<group>";
		};
		B1CFE77629633F990074A63B = {
			isa = PBXGroup;
			children = (
				B1CFE78129633F990074A63B /* RickAndMortyApp */,
				B1CFE78029633F990074A63B /* Products */,
			);
			sourceTree = "<group>";
		};
		B1CFE78029633F990074A63B /* Products */ = {
			isa = PBXGroup;
			children = (
				B1CFE77F29633F990074A63B /* RickAndMortyApp.app */,
			);
			name = Products;
			sourceTree = "<group>";
		};
		B1CFE78129633F990074A63B /* RickAndMortyApp */ = {
			isa = PBXGroup;
			children = (
				B1CFE79B296341A70074A63B /* Models */,
				B1CFE79A296341A00074A63B /* APIClient */,
				B1CFE799296341950074A63B /* Managers */,
				B1CFE7962963407A0074A63B /* Resources */,
				B1CFE797296340F20074A63B /* Controller */,
				B177128B2965A21C00C8F425 /* ViewModels */,
				B1CFE798296340FA0074A63B /* View */,
				B1CFE79029633F990074A63B /* Info.plist */,
			);
			path = RickAndMortyApp;
			sourceTree = "<group>";
		};
		B1CFE7962963407A0074A63B /* Resources */ = {
			isa = PBXGroup;
			children = (
				B1CFE78D29633F990074A63B /* LaunchScreen.storyboard */,
				B1CFE78B29633F990074A63B /* Assets.xcassets */,
				B1CFE78229633F990074A63B /* AppDelegate.swift */,
				B1CFE78429633F990074A63B /* SceneDelegate.swift */,
				B17712902965A8B800C8F425 /* Extensions.swift */,
			);
			path = Resources;
			sourceTree = "<group>";
		};
		B1CFE797296340F20074A63B /* Controller */ = {
			isa = PBXGroup;
			children = (
				B11D769E297195CC00CA9D5F /* Other */,
				B1CFE7A2296342700074A63B /* Core */,
			);
			path = Controller;
			sourceTree = "<group>";
		};
		B1CFE798296340FA0074A63B /* View */ = {
			isa = PBXGroup;
			children = (
				B195CC80297EB49300100CF0 /* CharacterDeatils */,
				B195CC81297EB4AB00100CF0 /* Character */,
				B11D76A529719EFB00CA9D5F /* RMFooterLoadingCollectionReusableView.swift */,
			);
			path = View;
			sourceTree = "<group>";
		};
		B1CFE799296341950074A63B /* Managers */ = {
			isa = PBXGroup;
			children = (
				B19527D52976CD1100CF3A0D /* RMImageLoader.swift */,
			);
			path = Managers;
			sourceTree = "<group>";
		};
		B1CFE79A296341A00074A63B /* APIClient */ = {
			isa = PBXGroup;
			children = (
				B1D9CBDB29634E600044FC9D /* RMService.swift */,
				B1D9CBDD29634E6F0044FC9D /* RMRequest.swift */,
				B1D9CBDF29634EEC0044FC9D /* RMEndpoint.swift */,
				B1771285296597B900C8F425 /* RMServiceError.swift */,
			);
			path = APIClient;
			sourceTree = "<group>";
		};
		B1CFE79B296341A70074A63B /* Models */ = {
			isa = PBXGroup;
			children = (
				B177128829659C3500C8F425 /* APIResponseTypes */,
				B177128729659C2800C8F425 /* DataTypes */,
			);
			path = Models;
			sourceTree = "<group>";
		};
		B1CFE7A2296342700074A63B /* Core */ = {
			isa = PBXGroup;
			children = (
				B1CFE78629633F990074A63B /* RMTabViewController.swift */,
				B1CFE7A3296342950074A63B /* RMCharacterViewController.swift */,
				B1CFE7A5296342B10074A63B /* RMLocationViewController.swift */,
				B1CFE7A8296342C70074A63B /* RMEpisodeViewController.swift */,
				B1CFE7AA296342DC0074A63B /* RMSettingsViewController.swift */,
			);
			path = Core;
			sourceTree = "<group>";
		};
/* End PBXGroup section */

/* Begin PBXNativeTarget section */
		B1CFE77E29633F990074A63B /* RickAndMortyApp */ = {
			isa = PBXNativeTarget;
			buildConfigurationList = B1CFE79329633F990074A63B /* Build configuration list for PBXNativeTarget "RickAndMortyApp" */;
			buildPhases = (
				B1CFE77B29633F990074A63B /* Sources */,
				B1CFE77C29633F990074A63B /* Frameworks */,
				B1CFE77D29633F990074A63B /* Resources */,
			);
			buildRules = (
			);
			dependencies = (
			);
			name = RickAndMortyApp;
			productName = RickAndMortyApp;
			productReference = B1CFE77F29633F990074A63B /* RickAndMortyApp.app */;
			productType = "com.apple.product-type.application";
		};
/* End PBXNativeTarget section */

/* Begin PBXProject section */
		B1CFE77729633F990074A63B /* Project object */ = {
			isa = PBXProject;
			attributes = {
				BuildIndependentTargetsInParallel = 1;
				LastSwiftUpdateCheck = 1340;
				LastUpgradeCheck = 1340;
				TargetAttributes = {
					B1CFE77E29633F990074A63B = {
						CreatedOnToolsVersion = 13.4.1;
					};
				};
			};
			buildConfigurationList = B1CFE77A29633F990074A63B /* Build configuration list for PBXProject "RickAndMortyApp" */;
			compatibilityVersion = "Xcode 13.0";
			developmentRegion = en;
			hasScannedForEncodings = 0;
			knownRegions = (
				en,
				Base,
			);
			mainGroup = B1CFE77629633F990074A63B;
			productRefGroup = B1CFE78029633F990074A63B /* Products */;
			projectDirPath = "";
			projectRoot = "";
			targets = (
				B1CFE77E29633F990074A63B /* RickAndMortyApp */,
			);
		};
/* End PBXProject section */

/* Begin PBXResourcesBuildPhase section */
		B1CFE77D29633F990074A63B /* Resources */ = {
			isa = PBXResourcesBuildPhase;
			buildActionMask = 2147483647;
			files = (
				B1CFE78F29633F990074A63B /* LaunchScreen.storyboard in Resources */,
				B1CFE78C29633F990074A63B /* Assets.xcassets in Resources */,
			);
			runOnlyForDeploymentPostprocessing = 0;
		};
/* End PBXResourcesBuildPhase section */

/* Begin PBXSourcesBuildPhase section */
		B1CFE77B29633F990074A63B /* Sources */ = {
			isa = PBXSourcesBuildPhase;
			buildActionMask = 2147483647;
			files = (
				B1564AF92964683E00CD7784 /* RMOrigin.swift in Sources */,
				B195CC87297EB4ED00100CF0 /* RMCharacterEpisodeCollectionViewCell.swift in Sources */,
				B11D76A2297196DD00CA9D5F /* RMCharacterDetailViewViewModel.swift in Sources */,
				B1564AFB296468A900CD7784 /* RMSingleLocation.swift in Sources */,
				B1564AFD29646A3C00CD7784 /* RMCharacterStatus.swift in Sources */,
				B1564AFF29646A6A00CD7784 /* RMCharacterGender.swift in Sources */,
				B1CFE7A6296342B10074A63B /* RMLocationViewController.swift in Sources */,
				B1CFE7A1296342300074A63B /* RMEpisode.swift in Sources */,
				B195CC8D297EB55600100CF0 /* RMCharacterInfoCollectionViewCellViewModel.swift in Sources */,
				B1CFE78729633F990074A63B /* RMTabViewController.swift in Sources */,
				B1CFE7A9296342C70074A63B /* RMEpisodeViewController.swift in Sources */,
				B177128D2965A22E00C8F425 /* RMCharacterListViewModel.swift in Sources */,
				B17712912965A8B800C8F425 /* Extensions.swift in Sources */,
				B177128F2965A2A300C8F425 /* RMCharacterListView.swift in Sources */,
				B195CC85297EB4E000100CF0 /* RMCharacterInfoCollectionViewCell.swift in Sources */,
				B11D76A0297195E900CA9D5F /* RMCharacterDetailViewController.swift in Sources */,
				B14640912982A8B6004189F6 /* RMEpisodeDetailViewController.swift in Sources */,
				B1CFE78329633F990074A63B /* AppDelegate.swift in Sources */,
				B195CC83297EB4CE00100CF0 /* RMCharacterPhotoCollectionViewCell.swift in Sources */,
				B1CFE78529633F990074A63B /* SceneDelegate.swift in Sources */,
				B1CFE7AB296342DC0074A63B /* RMSettingsViewController.swift in Sources */,
				B1771286296597B900C8F425 /* RMServiceError.swift in Sources */,
				B1D9CBDC29634E600044FC9D /* RMService.swift in Sources */,
				B19527D62976CD1100CF3A0D /* RMImageLoader.swift in Sources */,
				B1CFE79D296342150074A63B /* RMLocation.swift in Sources */,
				B1D9CBE029634EEC0044FC9D /* RMEndpoint.swift in Sources */,
				B195CC8F297EB57000100CF0 /* RMCharacterEpisodeCollectionViewCellViewModel.swift in Sources */,
				B11D76A4297196F100CA9D5F /* RMCharacterDetailView.swift in Sources */,
				B1CFE79F296342270074A63B /* RMCharacter.swift in Sources */,
				B118FCA6296708AF002E6AA5 /* RMCharacterCollectionViewCell.swift in Sources */,
				B195CC8B297EB54A00100CF0 /* RMCharacterPhotoCollectionViewCellViewModel.swift in Sources */,
				B177128A29659C4F00C8F425 /* RMGetAllCharactersResponse.swift in Sources */,
				B11D76A629719EFB00CA9D5F /* RMFooterLoadingCollectionReusableView.swift in Sources */,
				B1D9CBDE29634E6F0044FC9D /* RMRequest.swift in Sources */,
				B118FCA8296709AF002E6AA5 /* RMCharacterCollectionViewCellViewModel.swift in Sources */,
				B1CFE7A4296342950074A63B /* RMCharacterViewController.swift in Sources */,
			);
			runOnlyForDeploymentPostprocessing = 0;
		};
/* End PBXSourcesBuildPhase section */

/* Begin PBXVariantGroup section */
		B1CFE78D29633F990074A63B /* LaunchScreen.storyboard */ = {
			isa = PBXVariantGroup;
			children = (
				B1CFE78E29633F990074A63B /* Base */,
			);
			name = LaunchScreen.storyboard;
			sourceTree = "<group>";
		};
/* End PBXVariantGroup section */

/* Begin XCBuildConfiguration section */
		B1CFE79129633F990074A63B /* Debug */ = {
			isa = XCBuildConfiguration;
			buildSettings = {
				ALWAYS_SEARCH_USER_PATHS = NO;
				CLANG_ANALYZER_NONNULL = YES;
				CLANG_ANALYZER_NUMBER_OBJECT_CONVERSION = YES_AGGRESSIVE;
				CLANG_CXX_LANGUAGE_STANDARD = "gnu++17";
				CLANG_ENABLE_MODULES = YES;
				CLANG_ENABLE_OBJC_ARC = YES;
				CLANG_ENABLE_OBJC_WEAK = YES;
				CLANG_WARN_BLOCK_CAPTURE_AUTORELEASING = YES;
				CLANG_WARN_BOOL_CONVERSION = YES;
				CLANG_WARN_COMMA = YES;
				CLANG_WARN_CONSTANT_CONVERSION = YES;
				CLANG_WARN_DEPRECATED_OBJC_IMPLEMENTATIONS = YES;
				CLANG_WARN_DIRECT_OBJC_ISA_USAGE = YES_ERROR;
				CLANG_WARN_DOCUMENTATION_COMMENTS = YES;
				CLANG_WARN_EMPTY_BODY = YES;
				CLANG_WARN_ENUM_CONVERSION = YES;
				CLANG_WARN_INFINITE_RECURSION = YES;
				CLANG_WARN_INT_CONVERSION = YES;
				CLANG_WARN_NON_LITERAL_NULL_CONVERSION = YES;
				CLANG_WARN_OBJC_IMPLICIT_RETAIN_SELF = YES;
				CLANG_WARN_OBJC_LITERAL_CONVERSION = YES;
				CLANG_WARN_OBJC_ROOT_CLASS = YES_ERROR;
				CLANG_WARN_QUOTED_INCLUDE_IN_FRAMEWORK_HEADER = YES;
				CLANG_WARN_RANGE_LOOP_ANALYSIS = YES;
				CLANG_WARN_STRICT_PROTOTYPES = YES;
				CLANG_WARN_SUSPICIOUS_MOVE = YES;
				CLANG_WARN_UNGUARDED_AVAILABILITY = YES_AGGRESSIVE;
				CLANG_WARN_UNREACHABLE_CODE = YES;
				CLANG_WARN__DUPLICATE_METHOD_MATCH = YES;
				COPY_PHASE_STRIP = NO;
				DEBUG_INFORMATION_FORMAT = dwarf;
				ENABLE_STRICT_OBJC_MSGSEND = YES;
				ENABLE_TESTABILITY = YES;
				GCC_C_LANGUAGE_STANDARD = gnu11;
				GCC_DYNAMIC_NO_PIC = NO;
				GCC_NO_COMMON_BLOCKS = YES;
				GCC_OPTIMIZATION_LEVEL = 0;
				GCC_PREPROCESSOR_DEFINITIONS = (
					"DEBUG=1",
					"$(inherited)",
				);
				GCC_WARN_64_TO_32_BIT_CONVERSION = YES;
				GCC_WARN_ABOUT_RETURN_TYPE = YES_ERROR;
				GCC_WARN_UNDECLARED_SELECTOR = YES;
				GCC_WARN_UNINITIALIZED_AUTOS = YES_AGGRESSIVE;
				GCC_WARN_UNUSED_FUNCTION = YES;
				GCC_WARN_UNUSED_VARIABLE = YES;
				IPHONEOS_DEPLOYMENT_TARGET = 15.5;
				MTL_ENABLE_DEBUG_INFO = INCLUDE_SOURCE;
				MTL_FAST_MATH = YES;
				ONLY_ACTIVE_ARCH = YES;
				SDKROOT = iphoneos;
				SWIFT_ACTIVE_COMPILATION_CONDITIONS = DEBUG;
				SWIFT_OPTIMIZATION_LEVEL = "-Onone";
			};
			name = Debug;
		};
		B1CFE79229633F990074A63B /* Release */ = {
			isa = XCBuildConfiguration;
			buildSettings = {
				ALWAYS_SEARCH_USER_PATHS = NO;
				CLANG_ANALYZER_NONNULL = YES;
				CLANG_ANALYZER_NUMBER_OBJECT_CONVERSION = YES_AGGRESSIVE;
				CLANG_CXX_LANGUAGE_STANDARD = "gnu++17";
				CLANG_ENABLE_MODULES = YES;
				CLANG_ENABLE_OBJC_ARC = YES;
				CLANG_ENABLE_OBJC_WEAK = YES;
				CLANG_WARN_BLOCK_CAPTURE_AUTORELEASING = YES;
				CLANG_WARN_BOOL_CONVERSION = YES;
				CLANG_WARN_COMMA = YES;
				CLANG_WARN_CONSTANT_CONVERSION = YES;
				CLANG_WARN_DEPRECATED_OBJC_IMPLEMENTATIONS = YES;
				CLANG_WARN_DIRECT_OBJC_ISA_USAGE = YES_ERROR;
				CLANG_WARN_DOCUMENTATION_COMMENTS = YES;
				CLANG_WARN_EMPTY_BODY = YES;
				CLANG_WARN_ENUM_CONVERSION = YES;
				CLANG_WARN_INFINITE_RECURSION = YES;
				CLANG_WARN_INT_CONVERSION = YES;
				CLANG_WARN_NON_LITERAL_NULL_CONVERSION = YES;
				CLANG_WARN_OBJC_IMPLICIT_RETAIN_SELF = YES;
				CLANG_WARN_OBJC_LITERAL_CONVERSION = YES;
				CLANG_WARN_OBJC_ROOT_CLASS = YES_ERROR;
				CLANG_WARN_QUOTED_INCLUDE_IN_FRAMEWORK_HEADER = YES;
				CLANG_WARN_RANGE_LOOP_ANALYSIS = YES;
				CLANG_WARN_STRICT_PROTOTYPES = YES;
				CLANG_WARN_SUSPICIOUS_MOVE = YES;
				CLANG_WARN_UNGUARDED_AVAILABILITY = YES_AGGRESSIVE;
				CLANG_WARN_UNREACHABLE_CODE = YES;
				CLANG_WARN__DUPLICATE_METHOD_MATCH = YES;
				COPY_PHASE_STRIP = NO;
				DEBUG_INFORMATION_FORMAT = "dwarf-with-dsym";
				ENABLE_NS_ASSERTIONS = NO;
				ENABLE_STRICT_OBJC_MSGSEND = YES;
				GCC_C_LANGUAGE_STANDARD = gnu11;
				GCC_NO_COMMON_BLOCKS = YES;
				GCC_WARN_64_TO_32_BIT_CONVERSION = YES;
				GCC_WARN_ABOUT_RETURN_TYPE = YES_ERROR;
				GCC_WARN_UNDECLARED_SELECTOR = YES;
				GCC_WARN_UNINITIALIZED_AUTOS = YES_AGGRESSIVE;
				GCC_WARN_UNUSED_FUNCTION = YES;
				GCC_WARN_UNUSED_VARIABLE = YES;
				IPHONEOS_DEPLOYMENT_TARGET = 15.5;
				MTL_ENABLE_DEBUG_INFO = NO;
				MTL_FAST_MATH = YES;
				SDKROOT = iphoneos;
				SWIFT_COMPILATION_MODE = wholemodule;
				SWIFT_OPTIMIZATION_LEVEL = "-O";
				VALIDATE_PRODUCT = YES;
			};
			name = Release;
		};
		B1CFE79429633F990074A63B /* Debug */ = {
			isa = XCBuildConfiguration;
			buildSettings = {
				ASSETCATALOG_COMPILER_APPICON_NAME = AppIcon;
				ASSETCATALOG_COMPILER_GLOBAL_ACCENT_COLOR_NAME = AccentColor;
				CODE_SIGN_STYLE = Automatic;
				CURRENT_PROJECT_VERSION = 1;
				DEVELOPMENT_TEAM = QFL3TKB7D4;
				GENERATE_INFOPLIST_FILE = YES;
				INFOPLIST_FILE = RickAndMortyApp/Info.plist;
				INFOPLIST_KEY_UIApplicationSupportsIndirectInputEvents = YES;
				INFOPLIST_KEY_UILaunchStoryboardName = LaunchScreen;
				INFOPLIST_KEY_UIMainStoryboardFile = LaunchScreen;
				INFOPLIST_KEY_UISupportedInterfaceOrientations_iPad = "UIInterfaceOrientationPortrait UIInterfaceOrientationPortraitUpsideDown UIInterfaceOrientationLandscapeLeft UIInterfaceOrientationLandscapeRight";
				INFOPLIST_KEY_UISupportedInterfaceOrientations_iPhone = "UIInterfaceOrientationPortrait UIInterfaceOrientationLandscapeLeft UIInterfaceOrientationLandscapeRight";
				LD_RUNPATH_SEARCH_PATHS = (
					"$(inherited)",
					"@executable_path/Frameworks",
				);
				MARKETING_VERSION = 1.0;
				PRODUCT_BUNDLE_IDENTIFIER = "https---github.com-bertiGrazi.RickAndMortyApp";
				PRODUCT_NAME = "$(TARGET_NAME)";
				SWIFT_EMIT_LOC_STRINGS = YES;
				SWIFT_VERSION = 5.0;
				TARGETED_DEVICE_FAMILY = "1,2";
			};
			name = Debug;
		};
		B1CFE79529633F990074A63B /* Release */ = {
			isa = XCBuildConfiguration;
			buildSettings = {
				ASSETCATALOG_COMPILER_APPICON_NAME = AppIcon;
				ASSETCATALOG_COMPILER_GLOBAL_ACCENT_COLOR_NAME = AccentColor;
				CODE_SIGN_STYLE = Automatic;
				CURRENT_PROJECT_VERSION = 1;
				DEVELOPMENT_TEAM = QFL3TKB7D4;
				GENERATE_INFOPLIST_FILE = YES;
				INFOPLIST_FILE = RickAndMortyApp/Info.plist;
				INFOPLIST_KEY_UIApplicationSupportsIndirectInputEvents = YES;
				INFOPLIST_KEY_UILaunchStoryboardName = LaunchScreen;
				INFOPLIST_KEY_UIMainStoryboardFile = LaunchScreen;
				INFOPLIST_KEY_UISupportedInterfaceOrientations_iPad = "UIInterfaceOrientationPortrait UIInterfaceOrientationPortraitUpsideDown UIInterfaceOrientationLandscapeLeft UIInterfaceOrientationLandscapeRight";
				INFOPLIST_KEY_UISupportedInterfaceOrientations_iPhone = "UIInterfaceOrientationPortrait UIInterfaceOrientationLandscapeLeft UIInterfaceOrientationLandscapeRight";
				LD_RUNPATH_SEARCH_PATHS = (
					"$(inherited)",
					"@executable_path/Frameworks",
				);
				MARKETING_VERSION = 1.0;
				PRODUCT_BUNDLE_IDENTIFIER = "https---github.com-bertiGrazi.RickAndMortyApp";
				PRODUCT_NAME = "$(TARGET_NAME)";
				SWIFT_EMIT_LOC_STRINGS = YES;
				SWIFT_VERSION = 5.0;
				TARGETED_DEVICE_FAMILY = "1,2";
			};
			name = Release;
		};
/* End XCBuildConfiguration section */

/* Begin XCConfigurationList section */
		B1CFE77A29633F990074A63B /* Build configuration list for PBXProject "RickAndMortyApp" */ = {
			isa = XCConfigurationList;
			buildConfigurations = (
				B1CFE79129633F990074A63B /* Debug */,
				B1CFE79229633F990074A63B /* Release */,
			);
			defaultConfigurationIsVisible = 0;
			defaultConfigurationName = Release;
		};
		B1CFE79329633F990074A63B /* Build configuration list for PBXNativeTarget "RickAndMortyApp" */ = {
			isa = XCConfigurationList;
			buildConfigurations = (
				B1CFE79429633F990074A63B /* Debug */,
				B1CFE79529633F990074A63B /* Release */,
			);
			defaultConfigurationIsVisible = 0;
			defaultConfigurationName = Release;
		};
/* End XCConfigurationList section */
	};
	rootObject = B1CFE77729633F990074A63B /* Project object */;
}
