// !$*UTF8*$!
{
	archiveVersion = 1;
	classes = {
	};
	objectVersion = 55;
	objects = {

/* Begin PBXBuildFile section */
		B152B3DE2930DF6D007921C6 /* AppDelegate.swift in Sources */ = {isa = PBXBuildFile; fileRef = B152B3DD2930DF6D007921C6 /* AppDelegate.swift */; };
		B152B3E02930DF6D007921C6 /* SceneDelegate.swift in Sources */ = {isa = PBXBuildFile; fileRef = B152B3DF2930DF6D007921C6 /* SceneDelegate.swift */; };
		B152B3E22930DF6D007921C6 /* ViewController.swift in Sources */ = {isa = PBXBuildFile; fileRef = B152B3E12930DF6D007921C6 /* ViewController.swift */; };
		B152B3E82930DF6D007921C6 /* CoordinatorPattern.xcdatamodeld in Sources */ = {isa = PBXBuildFile; fileRef = B152B3E62930DF6D007921C6 /* CoordinatorPattern.xcdatamodeld */; };
		B152B3EA2930DF6E007921C6 /* Assets.xcassets in Resources */ = {isa = PBXBuildFile; fileRef = B152B3E92930DF6E007921C6 /* Assets.xcassets */; };
		B152B3ED2930DF6E007921C6 /* LaunchScreen.storyboard in Resources */ = {isa = PBXBuildFile; fileRef = B152B3EB2930DF6E007921C6 /* LaunchScreen.storyboard */; };
		B152B3F82930DF6E007921C6 /* CoordinatorPatternTests.swift in Sources */ = {isa = PBXBuildFile; fileRef = B152B3F72930DF6E007921C6 /* CoordinatorPatternTests.swift */; };
		B152B4022930DF6E007921C6 /* CoordinatorPatternUITests.swift in Sources */ = {isa = PBXBuildFile; fileRef = B152B4012930DF6E007921C6 /* CoordinatorPatternUITests.swift */; };
		B152B4042930DF6E007921C6 /* CoordinatorPatternUITestsLaunchTests.swift in Sources */ = {isa = PBXBuildFile; fileRef = B152B4032930DF6E007921C6 /* CoordinatorPatternUITestsLaunchTests.swift */; };
		B152B4112930DFB2007921C6 /* Coordinator.swift in Sources */ = {isa = PBXBuildFile; fileRef = B152B4102930DFB2007921C6 /* Coordinator.swift */; };
		B152B4132930DFCC007921C6 /* MainCoordinator.swift in Sources */ = {isa = PBXBuildFile; fileRef = B152B4122930DFCC007921C6 /* MainCoordinator.swift */; };
		B152B4152930E25D007921C6 /* SecondViewController.swift in Sources */ = {isa = PBXBuildFile; fileRef = B152B4142930E25D007921C6 /* SecondViewController.swift */; };
/* End PBXBuildFile section */

/* Begin PBXContainerItemProxy section */
		B152B3F42930DF6E007921C6 /* PBXContainerItemProxy */ = {
			isa = PBXContainerItemProxy;
			containerPortal = B152B3D22930DF6D007921C6 /* Project object */;
			proxyType = 1;
			remoteGlobalIDString = B152B3D92930DF6D007921C6;
			remoteInfo = CoordinatorPattern;
		};
		B152B3FE2930DF6E007921C6 /* PBXContainerItemProxy */ = {
			isa = PBXContainerItemProxy;
			containerPortal = B152B3D22930DF6D007921C6 /* Project object */;
			proxyType = 1;
			remoteGlobalIDString = B152B3D92930DF6D007921C6;
			remoteInfo = CoordinatorPattern;
		};
/* End PBXContainerItemProxy section */

/* Begin PBXFileReference section */
		B152B3DA2930DF6D007921C6 /* CoordinatorPattern.app */ = {isa = PBXFileReference; explicitFileType = wrapper.application; includeInIndex = 0; path = CoordinatorPattern.app; sourceTree = BUILT_PRODUCTS_DIR; };
		B152B3DD2930DF6D007921C6 /* AppDelegate.swift */ = {isa = PBXFileReference; lastKnownFileType = sourcecode.swift; path = AppDelegate.swift; sourceTree = "<group>"; };
		B152B3DF2930DF6D007921C6 /* SceneDelegate.swift */ = {isa = PBXFileReference; lastKnownFileType = sourcecode.swift; path = SceneDelegate.swift; sourceTree = "<group>"; };
		B152B3E12930DF6D007921C6 /* ViewController.swift */ = {isa = PBXFileReference; lastKnownFileType = sourcecode.swift; path = ViewController.swift; sourceTree = "<group>"; };
		B152B3E72930DF6D007921C6 /* CoordinatorPattern.xcdatamodel */ = {isa = PBXFileReference; lastKnownFileType = wrapper.xcdatamodel; path = CoordinatorPattern.xcdatamodel; sourceTree = "<group>"; };
		B152B3E92930DF6E007921C6 /* Assets.xcassets */ = {isa = PBXFileReference; lastKnownFileType = folder.assetcatalog; path = Assets.xcassets; sourceTree = "<group>"; };
		B152B3EC2930DF6E007921C6 /* Base */ = {isa = PBXFileReference; lastKnownFileType = file.storyboard; name = Base; path = Base.lproj/LaunchScreen.storyboard; sourceTree = "<group>"; };
		B152B3EE2930DF6E007921C6 /* Info.plist */ = {isa = PBXFileReference; lastKnownFileType = text.plist.xml; path = Info.plist; sourceTree = "<group>"; };
		B152B3F32930DF6E007921C6 /* CoordinatorPatternTests.xctest */ = {isa = PBXFileReference; explicitFileType = wrapper.cfbundle; includeInIndex = 0; path = CoordinatorPatternTests.xctest; sourceTree = BUILT_PRODUCTS_DIR; };
		B152B3F72930DF6E007921C6 /* CoordinatorPatternTests.swift */ = {isa = PBXFileReference; lastKnownFileType = sourcecode.swift; path = CoordinatorPatternTests.swift; sourceTree = "<group>"; };
		B152B3FD2930DF6E007921C6 /* CoordinatorPatternUITests.xctest */ = {isa = PBXFileReference; explicitFileType = wrapper.cfbundle; includeInIndex = 0; path = CoordinatorPatternUITests.xctest; sourceTree = BUILT_PRODUCTS_DIR; };
		B152B4012930DF6E007921C6 /* CoordinatorPatternUITests.swift */ = {isa = PBXFileReference; lastKnownFileType = sourcecode.swift; path = CoordinatorPatternUITests.swift; sourceTree = "<group>"; };
		B152B4032930DF6E007921C6 /* CoordinatorPatternUITestsLaunchTests.swift */ = {isa = PBXFileReference; lastKnownFileType = sourcecode.swift; path = CoordinatorPatternUITestsLaunchTests.swift; sourceTree = "<group>"; };
		B152B4102930DFB2007921C6 /* Coordinator.swift */ = {isa = PBXFileReference; lastKnownFileType = sourcecode.swift; path = Coordinator.swift; sourceTree = "<group>"; };
		B152B4122930DFCC007921C6 /* MainCoordinator.swift */ = {isa = PBXFileReference; lastKnownFileType = sourcecode.swift; path = MainCoordinator.swift; sourceTree = "<group>"; };
		B152B4142930E25D007921C6 /* SecondViewController.swift */ = {isa = PBXFileReference; lastKnownFileType = sourcecode.swift; path = SecondViewController.swift; sourceTree = "<group>"; };
/* End PBXFileReference section */

/* Begin PBXFrameworksBuildPhase section */
		B152B3D72930DF6D007921C6 /* Frameworks */ = {
			isa = PBXFrameworksBuildPhase;
			buildActionMask = 2147483647;
			files = (
			);
			runOnlyForDeploymentPostprocessing = 0;
		};
		B152B3F02930DF6E007921C6 /* Frameworks */ = {
			isa = PBXFrameworksBuildPhase;
			buildActionMask = 2147483647;
			files = (
			);
			runOnlyForDeploymentPostprocessing = 0;
		};
		B152B3FA2930DF6E007921C6 /* Frameworks */ = {
			isa = PBXFrameworksBuildPhase;
			buildActionMask = 2147483647;
			files = (
			);
			runOnlyForDeploymentPostprocessing = 0;
		};
/* End PBXFrameworksBuildPhase section */

/* Begin PBXGroup section */
		B152B3D12930DF6D007921C6 = {
			isa = PBXGroup;
			children = (
				B152B3DC2930DF6D007921C6 /* CoordinatorPattern */,
				B152B3F62930DF6E007921C6 /* CoordinatorPatternTests */,
				B152B4002930DF6E007921C6 /* CoordinatorPatternUITests */,
				B152B3DB2930DF6D007921C6 /* Products */,
			);
			sourceTree = "<group>";
		};
		B152B3DB2930DF6D007921C6 /* Products */ = {
			isa = PBXGroup;
			children = (
				B152B3DA2930DF6D007921C6 /* CoordinatorPattern.app */,
				B152B3F32930DF6E007921C6 /* CoordinatorPatternTests.xctest */,
				B152B3FD2930DF6E007921C6 /* CoordinatorPatternUITests.xctest */,
			);
			name = Products;
			sourceTree = "<group>";
		};
		B152B3DC2930DF6D007921C6 /* CoordinatorPattern */ = {
			isa = PBXGroup;
			children = (
				B152B3DD2930DF6D007921C6 /* AppDelegate.swift */,
				B152B3DF2930DF6D007921C6 /* SceneDelegate.swift */,
				B152B3E12930DF6D007921C6 /* ViewController.swift */,
				B152B3E92930DF6E007921C6 /* Assets.xcassets */,
				B152B3EB2930DF6E007921C6 /* LaunchScreen.storyboard */,
				B152B3EE2930DF6E007921C6 /* Info.plist */,
				B152B3E62930DF6D007921C6 /* CoordinatorPattern.xcdatamodeld */,
				B152B4102930DFB2007921C6 /* Coordinator.swift */,
				B152B4122930DFCC007921C6 /* MainCoordinator.swift */,
				B152B4142930E25D007921C6 /* SecondViewController.swift */,
			);
			path = CoordinatorPattern;
			sourceTree = "<group>";
		};
		B152B3F62930DF6E007921C6 /* CoordinatorPatternTests */ = {
			isa = PBXGroup;
			children = (
				B152B3F72930DF6E007921C6 /* CoordinatorPatternTests.swift */,
			);
			path = CoordinatorPatternTests;
			sourceTree = "<group>";
		};
		B152B4002930DF6E007921C6 /* CoordinatorPatternUITests */ = {
			isa = PBXGroup;
			children = (
				B152B4012930DF6E007921C6 /* CoordinatorPatternUITests.swift */,
				B152B4032930DF6E007921C6 /* CoordinatorPatternUITestsLaunchTests.swift */,
			);
			path = CoordinatorPatternUITests;
			sourceTree = "<group>";
		};
/* End PBXGroup section */

/* Begin PBXNativeTarget section */
		B152B3D92930DF6D007921C6 /* CoordinatorPattern */ = {
			isa = PBXNativeTarget;
			buildConfigurationList = B152B4072930DF6E007921C6 /* Build configuration list for PBXNativeTarget "CoordinatorPattern" */;
			buildPhases = (
				B152B3D62930DF6D007921C6 /* Sources */,
				B152B3D72930DF6D007921C6 /* Frameworks */,
				B152B3D82930DF6D007921C6 /* Resources */,
			);
			buildRules = (
			);
			dependencies = (
			);
			name = CoordinatorPattern;
			productName = CoordinatorPattern;
			productReference = B152B3DA2930DF6D007921C6 /* CoordinatorPattern.app */;
			productType = "com.apple.product-type.application";
		};
		B152B3F22930DF6E007921C6 /* CoordinatorPatternTests */ = {
			isa = PBXNativeTarget;
			buildConfigurationList = B152B40A2930DF6E007921C6 /* Build configuration list for PBXNativeTarget "CoordinatorPatternTests" */;
			buildPhases = (
				B152B3EF2930DF6E007921C6 /* Sources */,
				B152B3F02930DF6E007921C6 /* Frameworks */,
				B152B3F12930DF6E007921C6 /* Resources */,
			);
			buildRules = (
			);
			dependencies = (
				B152B3F52930DF6E007921C6 /* PBXTargetDependency */,
			);
			name = CoordinatorPatternTests;
			productName = CoordinatorPatternTests;
			productReference = B152B3F32930DF6E007921C6 /* CoordinatorPatternTests.xctest */;
			productType = "com.apple.product-type.bundle.unit-test";
		};
		B152B3FC2930DF6E007921C6 /* CoordinatorPatternUITests */ = {
			isa = PBXNativeTarget;
			buildConfigurationList = B152B40D2930DF6E007921C6 /* Build configuration list for PBXNativeTarget "CoordinatorPatternUITests" */;
			buildPhases = (
				B152B3F92930DF6E007921C6 /* Sources */,
				B152B3FA2930DF6E007921C6 /* Frameworks */,
				B152B3FB2930DF6E007921C6 /* Resources */,
			);
			buildRules = (
			);
			dependencies = (
				B152B3FF2930DF6E007921C6 /* PBXTargetDependency */,
			);
			name = CoordinatorPatternUITests;
			productName = CoordinatorPatternUITests;
			productReference = B152B3FD2930DF6E007921C6 /* CoordinatorPatternUITests.xctest */;
			productType = "com.apple.product-type.bundle.ui-testing";
		};
/* End PBXNativeTarget section */

/* Begin PBXProject section */
		B152B3D22930DF6D007921C6 /* Project object */ = {
			isa = PBXProject;
			attributes = {
				BuildIndependentTargetsInParallel = 1;
				LastSwiftUpdateCheck = 1340;
				LastUpgradeCheck = 1340;
				TargetAttributes = {
					B152B3D92930DF6D007921C6 = {
						CreatedOnToolsVersion = 13.4.1;
					};
					B152B3F22930DF6E007921C6 = {
						CreatedOnToolsVersion = 13.4.1;
						TestTargetID = B152B3D92930DF6D007921C6;
					};
					B152B3FC2930DF6E007921C6 = {
						CreatedOnToolsVersion = 13.4.1;
						TestTargetID = B152B3D92930DF6D007921C6;
					};
				};
			};
			buildConfigurationList = B152B3D52930DF6D007921C6 /* Build configuration list for PBXProject "CoordinatorPattern" */;
			compatibilityVersion = "Xcode 13.0";
			developmentRegion = en;
			hasScannedForEncodings = 0;
			knownRegions = (
				en,
				Base,
			);
			mainGroup = B152B3D12930DF6D007921C6;
			productRefGroup = B152B3DB2930DF6D007921C6 /* Products */;
			projectDirPath = "";
			projectRoot = "";
			targets = (
				B152B3D92930DF6D007921C6 /* CoordinatorPattern */,
				B152B3F22930DF6E007921C6 /* CoordinatorPatternTests */,
				B152B3FC2930DF6E007921C6 /* CoordinatorPatternUITests */,
			);
		};
/* End PBXProject section */

/* Begin PBXResourcesBuildPhase section */
		B152B3D82930DF6D007921C6 /* Resources */ = {
			isa = PBXResourcesBuildPhase;
			buildActionMask = 2147483647;
			files = (
				B152B3ED2930DF6E007921C6 /* LaunchScreen.storyboard in Resources */,
				B152B3EA2930DF6E007921C6 /* Assets.xcassets in Resources */,
			);
			runOnlyForDeploymentPostprocessing = 0;
		};
		B152B3F12930DF6E007921C6 /* Resources */ = {
			isa = PBXResourcesBuildPhase;
			buildActionMask = 2147483647;
			files = (
			);
			runOnlyForDeploymentPostprocessing = 0;
		};
		B152B3FB2930DF6E007921C6 /* Resources */ = {
			isa = PBXResourcesBuildPhase;
			buildActionMask = 2147483647;
			files = (
			);
			runOnlyForDeploymentPostprocessing = 0;
		};
/* End PBXResourcesBuildPhase section */

/* Begin PBXSourcesBuildPhase section */
		B152B3D62930DF6D007921C6 /* Sources */ = {
			isa = PBXSourcesBuildPhase;
			buildActionMask = 2147483647;
			files = (
				B152B3E22930DF6D007921C6 /* ViewController.swift in Sources */,
				B152B4132930DFCC007921C6 /* MainCoordinator.swift in Sources */,
				B152B3E82930DF6D007921C6 /* CoordinatorPattern.xcdatamodeld in Sources */,
				B152B4112930DFB2007921C6 /* Coordinator.swift in Sources */,
				B152B4152930E25D007921C6 /* SecondViewController.swift in Sources */,
				B152B3DE2930DF6D007921C6 /* AppDelegate.swift in Sources */,
				B152B3E02930DF6D007921C6 /* SceneDelegate.swift in Sources */,
			);
			runOnlyForDeploymentPostprocessing = 0;
		};
		B152B3EF2930DF6E007921C6 /* Sources */ = {
			isa = PBXSourcesBuildPhase;
			buildActionMask = 2147483647;
			files = (
				B152B3F82930DF6E007921C6 /* CoordinatorPatternTests.swift in Sources */,
			);
			runOnlyForDeploymentPostprocessing = 0;
		};
		B152B3F92930DF6E007921C6 /* Sources */ = {
			isa = PBXSourcesBuildPhase;
			buildActionMask = 2147483647;
			files = (
				B152B4042930DF6E007921C6 /* CoordinatorPatternUITestsLaunchTests.swift in Sources */,
				B152B4022930DF6E007921C6 /* CoordinatorPatternUITests.swift in Sources */,
			);
			runOnlyForDeploymentPostprocessing = 0;
		};
/* End PBXSourcesBuildPhase section */

/* Begin PBXTargetDependency section */
		B152B3F52930DF6E007921C6 /* PBXTargetDependency */ = {
			isa = PBXTargetDependency;
			target = B152B3D92930DF6D007921C6 /* CoordinatorPattern */;
			targetProxy = B152B3F42930DF6E007921C6 /* PBXContainerItemProxy */;
		};
		B152B3FF2930DF6E007921C6 /* PBXTargetDependency */ = {
			isa = PBXTargetDependency;
			target = B152B3D92930DF6D007921C6 /* CoordinatorPattern */;
			targetProxy = B152B3FE2930DF6E007921C6 /* PBXContainerItemProxy */;
		};
/* End PBXTargetDependency section */

/* Begin PBXVariantGroup section */
		B152B3EB2930DF6E007921C6 /* LaunchScreen.storyboard */ = {
			isa = PBXVariantGroup;
			children = (
				B152B3EC2930DF6E007921C6 /* Base */,
			);
			name = LaunchScreen.storyboard;
			sourceTree = "<group>";
		};
/* End PBXVariantGroup section */

/* Begin XCBuildConfiguration section */
		B152B4052930DF6E007921C6 /* Debug */ = {
			isa = XCBuildConfiguration;
			buildSettings = {
				ALWAYS_SEARCH_USER_PATHS = NO;
				CLANG_ANALYZER_NONNULL = YES;
				CLANG_ANALYZER_NUMBER_OBJECT_CONVERSION = YES_AGGRESSIVE;
				CLANG_CXX_LANGUAGE_STANDARD = "gnu++17";
				CLANG_ENABLE_MODULES = YES;
				CLANG_ENABLE_OBJC_ARC = YES;
				CLANG_ENABLE_OBJC_WEAK = YES;
				CLANG_WARN_BLOCK_CAPTURE_AUTORELEASING = YES;
				CLANG_WARN_BOOL_CONVERSION = YES;
				CLANG_WARN_COMMA = YES;
				CLANG_WARN_CONSTANT_CONVERSION = YES;
				CLANG_WARN_DEPRECATED_OBJC_IMPLEMENTATIONS = YES;
				CLANG_WARN_DIRECT_OBJC_ISA_USAGE = YES_ERROR;
				CLANG_WARN_DOCUMENTATION_COMMENTS = YES;
				CLANG_WARN_EMPTY_BODY = YES;
				CLANG_WARN_ENUM_CONVERSION = YES;
				CLANG_WARN_INFINITE_RECURSION = YES;
				CLANG_WARN_INT_CONVERSION = YES;
				CLANG_WARN_NON_LITERAL_NULL_CONVERSION = YES;
				CLANG_WARN_OBJC_IMPLICIT_RETAIN_SELF = YES;
				CLANG_WARN_OBJC_LITERAL_CONVERSION = YES;
				CLANG_WARN_OBJC_ROOT_CLASS = YES_ERROR;
				CLANG_WARN_QUOTED_INCLUDE_IN_FRAMEWORK_HEADER = YES;
				CLANG_WARN_RANGE_LOOP_ANALYSIS = YES;
				CLANG_WARN_STRICT_PROTOTYPES = YES;
				CLANG_WARN_SUSPICIOUS_MOVE = YES;
				CLANG_WARN_UNGUARDED_AVAILABILITY = YES_AGGRESSIVE;
				CLANG_WARN_UNREACHABLE_CODE = YES;
				CLANG_WARN__DUPLICATE_METHOD_MATCH = YES;
				COPY_PHASE_STRIP = NO;
				DEBUG_INFORMATION_FORMAT = dwarf;
				ENABLE_STRICT_OBJC_MSGSEND = YES;
				ENABLE_TESTABILITY = YES;
				GCC_C_LANGUAGE_STANDARD = gnu11;
				GCC_DYNAMIC_NO_PIC = NO;
				GCC_NO_COMMON_BLOCKS = YES;
				GCC_OPTIMIZATION_LEVEL = 0;
				GCC_PREPROCESSOR_DEFINITIONS = (
					"DEBUG=1",
					"$(inherited)",
				);
				GCC_WARN_64_TO_32_BIT_CONVERSION = YES;
				GCC_WARN_ABOUT_RETURN_TYPE = YES_ERROR;
				GCC_WARN_UNDECLARED_SELECTOR = YES;
				GCC_WARN_UNINITIALIZED_AUTOS = YES_AGGRESSIVE;
				GCC_WARN_UNUSED_FUNCTION = YES;
				GCC_WARN_UNUSED_VARIABLE = YES;
				IPHONEOS_DEPLOYMENT_TARGET = 15.5;
				MTL_ENABLE_DEBUG_INFO = INCLUDE_SOURCE;
				MTL_FAST_MATH = YES;
				ONLY_ACTIVE_ARCH = YES;
				SDKROOT = iphoneos;
				SWIFT_ACTIVE_COMPILATION_CONDITIONS = DEBUG;
				SWIFT_OPTIMIZATION_LEVEL = "-Onone";
			};
			name = Debug;
		};
		B152B4062930DF6E007921C6 /* Release */ = {
			isa = XCBuildConfiguration;
			buildSettings = {
				ALWAYS_SEARCH_USER_PATHS = NO;
				CLANG_ANALYZER_NONNULL = YES;
				CLANG_ANALYZER_NUMBER_OBJECT_CONVERSION = YES_AGGRESSIVE;
				CLANG_CXX_LANGUAGE_STANDARD = "gnu++17";
				CLANG_ENABLE_MODULES = YES;
				CLANG_ENABLE_OBJC_ARC = YES;
				CLANG_ENABLE_OBJC_WEAK = YES;
				CLANG_WARN_BLOCK_CAPTURE_AUTORELEASING = YES;
				CLANG_WARN_BOOL_CONVERSION = YES;
				CLANG_WARN_COMMA = YES;
				CLANG_WARN_CONSTANT_CONVERSION = YES;
				CLANG_WARN_DEPRECATED_OBJC_IMPLEMENTATIONS = YES;
				CLANG_WARN_DIRECT_OBJC_ISA_USAGE = YES_ERROR;
				CLANG_WARN_DOCUMENTATION_COMMENTS = YES;
				CLANG_WARN_EMPTY_BODY = YES;
				CLANG_WARN_ENUM_CONVERSION = YES;
				CLANG_WARN_INFINITE_RECURSION = YES;
				CLANG_WARN_INT_CONVERSION = YES;
				CLANG_WARN_NON_LITERAL_NULL_CONVERSION = YES;
				CLANG_WARN_OBJC_IMPLICIT_RETAIN_SELF = YES;
				CLANG_WARN_OBJC_LITERAL_CONVERSION = YES;
				CLANG_WARN_OBJC_ROOT_CLASS = YES_ERROR;
				CLANG_WARN_QUOTED_INCLUDE_IN_FRAMEWORK_HEADER = YES;
				CLANG_WARN_RANGE_LOOP_ANALYSIS = YES;
				CLANG_WARN_STRICT_PROTOTYPES = YES;
				CLANG_WARN_SUSPICIOUS_MOVE = YES;
				CLANG_WARN_UNGUARDED_AVAILABILITY = YES_AGGRESSIVE;
				CLANG_WARN_UNREACHABLE_CODE = YES;
				CLANG_WARN__DUPLICATE_METHOD_MATCH = YES;
				COPY_PHASE_STRIP = NO;
				DEBUG_INFORMATION_FORMAT = "dwarf-with-dsym";
				ENABLE_NS_ASSERTIONS = NO;
				ENABLE_STRICT_OBJC_MSGSEND = YES;
				GCC_C_LANGUAGE_STANDARD = gnu11;
				GCC_NO_COMMON_BLOCKS = YES;
				GCC_WARN_64_TO_32_BIT_CONVERSION = YES;
				GCC_WARN_ABOUT_RETURN_TYPE = YES_ERROR;
				GCC_WARN_UNDECLARED_SELECTOR = YES;
				GCC_WARN_UNINITIALIZED_AUTOS = YES_AGGRESSIVE;
				GCC_WARN_UNUSED_FUNCTION = YES;
				GCC_WARN_UNUSED_VARIABLE = YES;
				IPHONEOS_DEPLOYMENT_TARGET = 15.5;
				MTL_ENABLE_DEBUG_INFO = NO;
				MTL_FAST_MATH = YES;
				SDKROOT = iphoneos;
				SWIFT_COMPILATION_MODE = wholemodule;
				SWIFT_OPTIMIZATION_LEVEL = "-O";
				VALIDATE_PRODUCT = YES;
			};
			name = Release;
		};
		B152B4082930DF6E007921C6 /* Debug */ = {
			isa = XCBuildConfiguration;
			buildSettings = {
				ASSETCATALOG_COMPILER_APPICON_NAME = AppIcon;
				ASSETCATALOG_COMPILER_GLOBAL_ACCENT_COLOR_NAME = AccentColor;
				CODE_SIGN_STYLE = Automatic;
				CURRENT_PROJECT_VERSION = 1;
				DEVELOPMENT_TEAM = QFL3TKB7D4;
				GENERATE_INFOPLIST_FILE = YES;
				INFOPLIST_FILE = CoordinatorPattern/Info.plist;
				INFOPLIST_KEY_UIApplicationSupportsIndirectInputEvents = YES;
				INFOPLIST_KEY_UILaunchStoryboardName = LaunchScreen;
				INFOPLIST_KEY_UIMainStoryboardFile = LaunchScreen;
				INFOPLIST_KEY_UISupportedInterfaceOrientations_iPad = "UIInterfaceOrientationPortrait UIInterfaceOrientationPortraitUpsideDown UIInterfaceOrientationLandscapeLeft UIInterfaceOrientationLandscapeRight";
				INFOPLIST_KEY_UISupportedInterfaceOrientations_iPhone = "UIInterfaceOrientationPortrait UIInterfaceOrientationLandscapeLeft UIInterfaceOrientationLandscapeRight";
				LD_RUNPATH_SEARCH_PATHS = (
					"$(inherited)",
					"@executable_path/Frameworks",
				);
				MARKETING_VERSION = 1.0;
				PRODUCT_BUNDLE_IDENTIFIER = "https---github.com-bertiGrazi.CoordinatorPattern";
				PRODUCT_NAME = "$(TARGET_NAME)";
				SWIFT_EMIT_LOC_STRINGS = YES;
				SWIFT_VERSION = 5.0;
				TARGETED_DEVICE_FAMILY = "1,2";
			};
			name = Debug;
		};
		B152B4092930DF6E007921C6 /* Release */ = {
			isa = XCBuildConfiguration;
			buildSettings = {
				ASSETCATALOG_COMPILER_APPICON_NAME = AppIcon;
				ASSETCATALOG_COMPILER_GLOBAL_ACCENT_COLOR_NAME = AccentColor;
				CODE_SIGN_STYLE = Automatic;
				CURRENT_PROJECT_VERSION = 1;
				DEVELOPMENT_TEAM = QFL3TKB7D4;
				GENERATE_INFOPLIST_FILE = YES;
				INFOPLIST_FILE = CoordinatorPattern/Info.plist;
				INFOPLIST_KEY_UIApplicationSupportsIndirectInputEvents = YES;
				INFOPLIST_KEY_UILaunchStoryboardName = LaunchScreen;
				INFOPLIST_KEY_UIMainStoryboardFile = LaunchScreen;
				INFOPLIST_KEY_UISupportedInterfaceOrientations_iPad = "UIInterfaceOrientationPortrait UIInterfaceOrientationPortraitUpsideDown UIInterfaceOrientationLandscapeLeft UIInterfaceOrientationLandscapeRight";
				INFOPLIST_KEY_UISupportedInterfaceOrientations_iPhone = "UIInterfaceOrientationPortrait UIInterfaceOrientationLandscapeLeft UIInterfaceOrientationLandscapeRight";
				LD_RUNPATH_SEARCH_PATHS = (
					"$(inherited)",
					"@executable_path/Frameworks",
				);
				MARKETING_VERSION = 1.0;
				PRODUCT_BUNDLE_IDENTIFIER = "https---github.com-bertiGrazi.CoordinatorPattern";
				PRODUCT_NAME = "$(TARGET_NAME)";
				SWIFT_EMIT_LOC_STRINGS = YES;
				SWIFT_VERSION = 5.0;
				TARGETED_DEVICE_FAMILY = "1,2";
			};
			name = Release;
		};
		B152B40B2930DF6E007921C6 /* Debug */ = {
			isa = XCBuildConfiguration;
			buildSettings = {
				ALWAYS_EMBED_SWIFT_STANDARD_LIBRARIES = YES;
				BUNDLE_LOADER = "$(TEST_HOST)";
				CODE_SIGN_STYLE = Automatic;
				CURRENT_PROJECT_VERSION = 1;
				DEVELOPMENT_TEAM = QFL3TKB7D4;
				GENERATE_INFOPLIST_FILE = YES;
				IPHONEOS_DEPLOYMENT_TARGET = 15.5;
				MARKETING_VERSION = 1.0;
				PRODUCT_BUNDLE_IDENTIFIER = "https---github.com-bertiGrazi.CoordinatorPatternTests";
				PRODUCT_NAME = "$(TARGET_NAME)";
				SWIFT_EMIT_LOC_STRINGS = NO;
				SWIFT_VERSION = 5.0;
				TARGETED_DEVICE_FAMILY = "1,2";
				TEST_HOST = "$(BUILT_PRODUCTS_DIR)/CoordinatorPattern.app/CoordinatorPattern";
			};
			name = Debug;
		};
		B152B40C2930DF6E007921C6 /* Release */ = {
			isa = XCBuildConfiguration;
			buildSettings = {
				ALWAYS_EMBED_SWIFT_STANDARD_LIBRARIES = YES;
				BUNDLE_LOADER = "$(TEST_HOST)";
				CODE_SIGN_STYLE = Automatic;
				CURRENT_PROJECT_VERSION = 1;
				DEVELOPMENT_TEAM = QFL3TKB7D4;
				GENERATE_INFOPLIST_FILE = YES;
				IPHONEOS_DEPLOYMENT_TARGET = 15.5;
				MARKETING_VERSION = 1.0;
				PRODUCT_BUNDLE_IDENTIFIER = "https---github.com-bertiGrazi.CoordinatorPatternTests";
				PRODUCT_NAME = "$(TARGET_NAME)";
				SWIFT_EMIT_LOC_STRINGS = NO;
				SWIFT_VERSION = 5.0;
				TARGETED_DEVICE_FAMILY = "1,2";
				TEST_HOST = "$(BUILT_PRODUCTS_DIR)/CoordinatorPattern.app/CoordinatorPattern";
			};
			name = Release;
		};
		B152B40E2930DF6E007921C6 /* Debug */ = {
			isa = XCBuildConfiguration;
			buildSettings = {
				ALWAYS_EMBED_SWIFT_STANDARD_LIBRARIES = YES;
				CODE_SIGN_STYLE = Automatic;
				CURRENT_PROJECT_VERSION = 1;
				DEVELOPMENT_TEAM = QFL3TKB7D4;
				GENERATE_INFOPLIST_FILE = YES;
				MARKETING_VERSION = 1.0;
				PRODUCT_BUNDLE_IDENTIFIER = "https---github.com-bertiGrazi.CoordinatorPatternUITests";
				PRODUCT_NAME = "$(TARGET_NAME)";
				SWIFT_EMIT_LOC_STRINGS = NO;
				SWIFT_VERSION = 5.0;
				TARGETED_DEVICE_FAMILY = "1,2";
				TEST_TARGET_NAME = CoordinatorPattern;
			};
			name = Debug;
		};
		B152B40F2930DF6E007921C6 /* Release */ = {
			isa = XCBuildConfiguration;
			buildSettings = {
				ALWAYS_EMBED_SWIFT_STANDARD_LIBRARIES = YES;
				CODE_SIGN_STYLE = Automatic;
				CURRENT_PROJECT_VERSION = 1;
				DEVELOPMENT_TEAM = QFL3TKB7D4;
				GENERATE_INFOPLIST_FILE = YES;
				MARKETING_VERSION = 1.0;
				PRODUCT_BUNDLE_IDENTIFIER = "https---github.com-bertiGrazi.CoordinatorPatternUITests";
				PRODUCT_NAME = "$(TARGET_NAME)";
				SWIFT_EMIT_LOC_STRINGS = NO;
				SWIFT_VERSION = 5.0;
				TARGETED_DEVICE_FAMILY = "1,2";
				TEST_TARGET_NAME = CoordinatorPattern;
			};
			name = Release;
		};
/* End XCBuildConfiguration section */

/* Begin XCConfigurationList section */
		B152B3D52930DF6D007921C6 /* Build configuration list for PBXProject "CoordinatorPattern" */ = {
			isa = XCConfigurationList;
			buildConfigurations = (
				B152B4052930DF6E007921C6 /* Debug */,
				B152B4062930DF6E007921C6 /* Release */,
			);
			defaultConfigurationIsVisible = 0;
			defaultConfigurationName = Release;
		};
		B152B4072930DF6E007921C6 /* Build configuration list for PBXNativeTarget "CoordinatorPattern" */ = {
			isa = XCConfigurationList;
			buildConfigurations = (
				B152B4082930DF6E007921C6 /* Debug */,
				B152B4092930DF6E007921C6 /* Release */,
			);
			defaultConfigurationIsVisible = 0;
			defaultConfigurationName = Release;
		};
		B152B40A2930DF6E007921C6 /* Build configuration list for PBXNativeTarget "CoordinatorPatternTests" */ = {
			isa = XCConfigurationList;
			buildConfigurations = (
				B152B40B2930DF6E007921C6 /* Debug */,
				B152B40C2930DF6E007921C6 /* Release */,
			);
			defaultConfigurationIsVisible = 0;
			defaultConfigurationName = Release;
		};
		B152B40D2930DF6E007921C6 /* Build configuration list for PBXNativeTarget "CoordinatorPatternUITests" */ = {
			isa = XCConfigurationList;
			buildConfigurations = (
				B152B40E2930DF6E007921C6 /* Debug */,
				B152B40F2930DF6E007921C6 /* Release */,
			);
			defaultConfigurationIsVisible = 0;
			defaultConfigurationName = Release;
		};
/* End XCConfigurationList section */

/* Begin XCVersionGroup section */
		B152B3E62930DF6D007921C6 /* CoordinatorPattern.xcdatamodeld */ = {
			isa = XCVersionGroup;
			children = (
				B152B3E72930DF6D007921C6 /* CoordinatorPattern.xcdatamodel */,
			);
			currentVersion = B152B3E72930DF6D007921C6 /* CoordinatorPattern.xcdatamodel */;
			path = CoordinatorPattern.xcdatamodeld;
			sourceTree = "<group>";
			versionGroupType = wrapper.xcdatamodel;
		};
/* End XCVersionGroup section */
	};
	rootObject = B152B3D22930DF6D007921C6 /* Project object */;
}
