// !$*UTF8*$!
{
	archiveVersion = 1;
	classes = {
	};
	objectVersion = 55;
	objects = {

/* Begin PBXBuildFile section */
		B118138A2926CCCC0023EC40 /* AppDelegate.swift in Sources */ = {isa = PBXBuildFile; fileRef = B11813892926CCCC0023EC40 /* AppDelegate.swift */; };
		B118138C2926CCCC0023EC40 /* SceneDelegate.swift in Sources */ = {isa = PBXBuildFile; fileRef = B118138B2926CCCC0023EC40 /* SceneDelegate.swift */; };
		B118138E2926CCCC0023EC40 /* HomeViewController.swift in Sources */ = {isa = PBXBuildFile; fileRef = B118138D2926CCCC0023EC40 /* HomeViewController.swift */; };
		B11813942926CCCC0023EC40 /* AppMusicBF.xcdatamodeld in Sources */ = {isa = PBXBuildFile; fileRef = B11813922926CCCC0023EC40 /* AppMusicBF.xcdatamodeld */; };
		B11813962926CCCE0023EC40 /* Assets.xcassets in Resources */ = {isa = PBXBuildFile; fileRef = B11813952926CCCE0023EC40 /* Assets.xcassets */; };
		B11813992926CCCE0023EC40 /* LaunchScreen.storyboard in Resources */ = {isa = PBXBuildFile; fileRef = B11813972926CCCE0023EC40 /* LaunchScreen.storyboard */; };
		B11813A42926CCCE0023EC40 /* AppMusicBFTests.swift in Sources */ = {isa = PBXBuildFile; fileRef = B11813A32926CCCE0023EC40 /* AppMusicBFTests.swift */; };
		B11813AE2926CCCE0023EC40 /* AppMusicBFUITests.swift in Sources */ = {isa = PBXBuildFile; fileRef = B11813AD2926CCCE0023EC40 /* AppMusicBFUITests.swift */; };
		B11813B02926CCCE0023EC40 /* AppMusicBFUITestsLaunchTests.swift in Sources */ = {isa = PBXBuildFile; fileRef = B11813AF2926CCCE0023EC40 /* AppMusicBFUITestsLaunchTests.swift */; };
		B11813BE2926D0950023EC40 /* CardViewModel.swift in Sources */ = {isa = PBXBuildFile; fileRef = B11813BD2926D0950023EC40 /* CardViewModel.swift */; };
		B11813C12926D0E40023EC40 /* NSAttributedString + Extension.swift in Sources */ = {isa = PBXBuildFile; fileRef = B11813C02926D0E40023EC40 /* NSAttributedString + Extension.swift */; };
		B11813C32926D1090023EC40 /* NSTextAttachment + Extension.swift in Sources */ = {isa = PBXBuildFile; fileRef = B11813C22926D1090023EC40 /* NSTextAttachment + Extension.swift */; };
		B11813C52926D13F0023EC40 /* UIView + Extension.swift in Sources */ = {isa = PBXBuildFile; fileRef = B11813C42926D13F0023EC40 /* UIView + Extension.swift */; };
/* End PBXBuildFile section */

/* Begin PBXContainerItemProxy section */
		B11813A02926CCCE0023EC40 /* PBXContainerItemProxy */ = {
			isa = PBXContainerItemProxy;
			containerPortal = B118137E2926CCCC0023EC40 /* Project object */;
			proxyType = 1;
			remoteGlobalIDString = B11813852926CCCC0023EC40;
			remoteInfo = AppMusicBF;
		};
		B11813AA2926CCCE0023EC40 /* PBXContainerItemProxy */ = {
			isa = PBXContainerItemProxy;
			containerPortal = B118137E2926CCCC0023EC40 /* Project object */;
			proxyType = 1;
			remoteGlobalIDString = B11813852926CCCC0023EC40;
			remoteInfo = AppMusicBF;
		};
/* End PBXContainerItemProxy section */

/* Begin PBXFileReference section */
		B11813862926CCCC0023EC40 /* AppMusicBF.app */ = {isa = PBXFileReference; explicitFileType = wrapper.application; includeInIndex = 0; path = AppMusicBF.app; sourceTree = BUILT_PRODUCTS_DIR; };
		B11813892926CCCC0023EC40 /* AppDelegate.swift */ = {isa = PBXFileReference; lastKnownFileType = sourcecode.swift; path = AppDelegate.swift; sourceTree = "<group>"; };
		B118138B2926CCCC0023EC40 /* SceneDelegate.swift */ = {isa = PBXFileReference; lastKnownFileType = sourcecode.swift; path = SceneDelegate.swift; sourceTree = "<group>"; };
		B118138D2926CCCC0023EC40 /* HomeViewController.swift */ = {isa = PBXFileReference; lastKnownFileType = sourcecode.swift; path = HomeViewController.swift; sourceTree = "<group>"; };
		B11813932926CCCC0023EC40 /* AppMusicBF.xcdatamodel */ = {isa = PBXFileReference; lastKnownFileType = wrapper.xcdatamodel; path = AppMusicBF.xcdatamodel; sourceTree = "<group>"; };
		B11813952926CCCE0023EC40 /* Assets.xcassets */ = {isa = PBXFileReference; lastKnownFileType = folder.assetcatalog; path = Assets.xcassets; sourceTree = "<group>"; };
		B11813982926CCCE0023EC40 /* Base */ = {isa = PBXFileReference; lastKnownFileType = file.storyboard; name = Base; path = Base.lproj/LaunchScreen.storyboard; sourceTree = "<group>"; };
		B118139A2926CCCE0023EC40 /* Info.plist */ = {isa = PBXFileReference; lastKnownFileType = text.plist.xml; path = Info.plist; sourceTree = "<group>"; };
		B118139F2926CCCE0023EC40 /* AppMusicBFTests.xctest */ = {isa = PBXFileReference; explicitFileType = wrapper.cfbundle; includeInIndex = 0; path = AppMusicBFTests.xctest; sourceTree = BUILT_PRODUCTS_DIR; };
		B11813A32926CCCE0023EC40 /* AppMusicBFTests.swift */ = {isa = PBXFileReference; lastKnownFileType = sourcecode.swift; path = AppMusicBFTests.swift; sourceTree = "<group>"; };
		B11813A92926CCCE0023EC40 /* AppMusicBFUITests.xctest */ = {isa = PBXFileReference; explicitFileType = wrapper.cfbundle; includeInIndex = 0; path = AppMusicBFUITests.xctest; sourceTree = BUILT_PRODUCTS_DIR; };
		B11813AD2926CCCE0023EC40 /* AppMusicBFUITests.swift */ = {isa = PBXFileReference; lastKnownFileType = sourcecode.swift; path = AppMusicBFUITests.swift; sourceTree = "<group>"; };
		B11813AF2926CCCE0023EC40 /* AppMusicBFUITestsLaunchTests.swift */ = {isa = PBXFileReference; lastKnownFileType = sourcecode.swift; path = AppMusicBFUITestsLaunchTests.swift; sourceTree = "<group>"; };
		B11813BD2926D0950023EC40 /* CardViewModel.swift */ = {isa = PBXFileReference; lastKnownFileType = sourcecode.swift; path = CardViewModel.swift; sourceTree = "<group>"; };
		B11813C02926D0E40023EC40 /* NSAttributedString + Extension.swift */ = {isa = PBXFileReference; lastKnownFileType = sourcecode.swift; path = "NSAttributedString + Extension.swift"; sourceTree = "<group>"; };
		B11813C22926D1090023EC40 /* NSTextAttachment + Extension.swift */ = {isa = PBXFileReference; lastKnownFileType = sourcecode.swift; path = "NSTextAttachment + Extension.swift"; sourceTree = "<group>"; };
		B11813C42926D13F0023EC40 /* UIView + Extension.swift */ = {isa = PBXFileReference; lastKnownFileType = sourcecode.swift; path = "UIView + Extension.swift"; sourceTree = "<group>"; };
/* End PBXFileReference section */

/* Begin PBXFrameworksBuildPhase section */
		B11813832926CCCC0023EC40 /* Frameworks */ = {
			isa = PBXFrameworksBuildPhase;
			buildActionMask = 2147483647;
			files = (
			);
			runOnlyForDeploymentPostprocessing = 0;
		};
		B118139C2926CCCE0023EC40 /* Frameworks */ = {
			isa = PBXFrameworksBuildPhase;
			buildActionMask = 2147483647;
			files = (
			);
			runOnlyForDeploymentPostprocessing = 0;
		};
		B11813A62926CCCE0023EC40 /* Frameworks */ = {
			isa = PBXFrameworksBuildPhase;
			buildActionMask = 2147483647;
			files = (
			);
			runOnlyForDeploymentPostprocessing = 0;
		};
/* End PBXFrameworksBuildPhase section */

/* Begin PBXGroup section */
		B118137D2926CCCC0023EC40 = {
			isa = PBXGroup;
			children = (
				B11813882926CCCC0023EC40 /* AppMusicBF */,
				B11813A22926CCCE0023EC40 /* AppMusicBFTests */,
				B11813AC2926CCCE0023EC40 /* AppMusicBFUITests */,
				B11813872926CCCC0023EC40 /* Products */,
			);
			sourceTree = "<group>";
		};
		B11813872926CCCC0023EC40 /* Products */ = {
			isa = PBXGroup;
			children = (
				B11813862926CCCC0023EC40 /* AppMusicBF.app */,
				B118139F2926CCCE0023EC40 /* AppMusicBFTests.xctest */,
				B11813A92926CCCE0023EC40 /* AppMusicBFUITests.xctest */,
			);
			name = Products;
			sourceTree = "<group>";
		};
		B11813882926CCCC0023EC40 /* AppMusicBF */ = {
			isa = PBXGroup;
			children = (
				B11813BF2926D0D90023EC40 /* Extension */,
				B11813BC2926D0890023EC40 /* Model */,
				B11813892926CCCC0023EC40 /* AppDelegate.swift */,
				B118138B2926CCCC0023EC40 /* SceneDelegate.swift */,
				B118138D2926CCCC0023EC40 /* HomeViewController.swift */,
				B11813952926CCCE0023EC40 /* Assets.xcassets */,
				B11813972926CCCE0023EC40 /* LaunchScreen.storyboard */,
				B118139A2926CCCE0023EC40 /* Info.plist */,
				B11813922926CCCC0023EC40 /* AppMusicBF.xcdatamodeld */,
			);
			path = AppMusicBF;
			sourceTree = "<group>";
		};
		B11813A22926CCCE0023EC40 /* AppMusicBFTests */ = {
			isa = PBXGroup;
			children = (
				B11813A32926CCCE0023EC40 /* AppMusicBFTests.swift */,
			);
			path = AppMusicBFTests;
			sourceTree = "<group>";
		};
		B11813AC2926CCCE0023EC40 /* AppMusicBFUITests */ = {
			isa = PBXGroup;
			children = (
				B11813AD2926CCCE0023EC40 /* AppMusicBFUITests.swift */,
				B11813AF2926CCCE0023EC40 /* AppMusicBFUITestsLaunchTests.swift */,
			);
			path = AppMusicBFUITests;
			sourceTree = "<group>";
		};
		B11813BC2926D0890023EC40 /* Model */ = {
			isa = PBXGroup;
			children = (
				B11813BD2926D0950023EC40 /* CardViewModel.swift */,
			);
			path = Model;
			sourceTree = "<group>";
		};
		B11813BF2926D0D90023EC40 /* Extension */ = {
			isa = PBXGroup;
			children = (
				B11813C02926D0E40023EC40 /* NSAttributedString + Extension.swift */,
				B11813C22926D1090023EC40 /* NSTextAttachment + Extension.swift */,
				B11813C42926D13F0023EC40 /* UIView + Extension.swift */,
			);
			path = Extension;
			sourceTree = "<group>";
		};
/* End PBXGroup section */

/* Begin PBXNativeTarget section */
		B11813852926CCCC0023EC40 /* AppMusicBF */ = {
			isa = PBXNativeTarget;
			buildConfigurationList = B11813B32926CCCE0023EC40 /* Build configuration list for PBXNativeTarget "AppMusicBF" */;
			buildPhases = (
				B11813822926CCCC0023EC40 /* Sources */,
				B11813832926CCCC0023EC40 /* Frameworks */,
				B11813842926CCCC0023EC40 /* Resources */,
			);
			buildRules = (
			);
			dependencies = (
			);
			name = AppMusicBF;
			productName = AppMusicBF;
			productReference = B11813862926CCCC0023EC40 /* AppMusicBF.app */;
			productType = "com.apple.product-type.application";
		};
		B118139E2926CCCE0023EC40 /* AppMusicBFTests */ = {
			isa = PBXNativeTarget;
			buildConfigurationList = B11813B62926CCCE0023EC40 /* Build configuration list for PBXNativeTarget "AppMusicBFTests" */;
			buildPhases = (
				B118139B2926CCCE0023EC40 /* Sources */,
				B118139C2926CCCE0023EC40 /* Frameworks */,
				B118139D2926CCCE0023EC40 /* Resources */,
			);
			buildRules = (
			);
			dependencies = (
				B11813A12926CCCE0023EC40 /* PBXTargetDependency */,
			);
			name = AppMusicBFTests;
			productName = AppMusicBFTests;
			productReference = B118139F2926CCCE0023EC40 /* AppMusicBFTests.xctest */;
			productType = "com.apple.product-type.bundle.unit-test";
		};
		B11813A82926CCCE0023EC40 /* AppMusicBFUITests */ = {
			isa = PBXNativeTarget;
			buildConfigurationList = B11813B92926CCCE0023EC40 /* Build configuration list for PBXNativeTarget "AppMusicBFUITests" */;
			buildPhases = (
				B11813A52926CCCE0023EC40 /* Sources */,
				B11813A62926CCCE0023EC40 /* Frameworks */,
				B11813A72926CCCE0023EC40 /* Resources */,
			);
			buildRules = (
			);
			dependencies = (
				B11813AB2926CCCE0023EC40 /* PBXTargetDependency */,
			);
			name = AppMusicBFUITests;
			productName = AppMusicBFUITests;
			productReference = B11813A92926CCCE0023EC40 /* AppMusicBFUITests.xctest */;
			productType = "com.apple.product-type.bundle.ui-testing";
		};
/* End PBXNativeTarget section */

/* Begin PBXProject section */
		B118137E2926CCCC0023EC40 /* Project object */ = {
			isa = PBXProject;
			attributes = {
				BuildIndependentTargetsInParallel = 1;
				LastSwiftUpdateCheck = 1340;
				LastUpgradeCheck = 1340;
				TargetAttributes = {
					B11813852926CCCC0023EC40 = {
						CreatedOnToolsVersion = 13.4.1;
					};
					B118139E2926CCCE0023EC40 = {
						CreatedOnToolsVersion = 13.4.1;
						TestTargetID = B11813852926CCCC0023EC40;
					};
					B11813A82926CCCE0023EC40 = {
						CreatedOnToolsVersion = 13.4.1;
						TestTargetID = B11813852926CCCC0023EC40;
					};
				};
			};
			buildConfigurationList = B11813812926CCCC0023EC40 /* Build configuration list for PBXProject "AppMusicBF" */;
			compatibilityVersion = "Xcode 13.0";
			developmentRegion = en;
			hasScannedForEncodings = 0;
			knownRegions = (
				en,
				Base,
			);
			mainGroup = B118137D2926CCCC0023EC40;
			productRefGroup = B11813872926CCCC0023EC40 /* Products */;
			projectDirPath = "";
			projectRoot = "";
			targets = (
				B11813852926CCCC0023EC40 /* AppMusicBF */,
				B118139E2926CCCE0023EC40 /* AppMusicBFTests */,
				B11813A82926CCCE0023EC40 /* AppMusicBFUITests */,
			);
		};
/* End PBXProject section */

/* Begin PBXResourcesBuildPhase section */
		B11813842926CCCC0023EC40 /* Resources */ = {
			isa = PBXResourcesBuildPhase;
			buildActionMask = 2147483647;
			files = (
				B11813992926CCCE0023EC40 /* LaunchScreen.storyboard in Resources */,
				B11813962926CCCE0023EC40 /* Assets.xcassets in Resources */,
			);
			runOnlyForDeploymentPostprocessing = 0;
		};
		B118139D2926CCCE0023EC40 /* Resources */ = {
			isa = PBXResourcesBuildPhase;
			buildActionMask = 2147483647;
			files = (
			);
			runOnlyForDeploymentPostprocessing = 0;
		};
		B11813A72926CCCE0023EC40 /* Resources */ = {
			isa = PBXResourcesBuildPhase;
			buildActionMask = 2147483647;
			files = (
			);
			runOnlyForDeploymentPostprocessing = 0;
		};
/* End PBXResourcesBuildPhase section */

/* Begin PBXSourcesBuildPhase section */
		B11813822926CCCC0023EC40 /* Sources */ = {
			isa = PBXSourcesBuildPhase;
			buildActionMask = 2147483647;
			files = (
				B118138E2926CCCC0023EC40 /* HomeViewController.swift in Sources */,
				B11813942926CCCC0023EC40 /* AppMusicBF.xcdatamodeld in Sources */,
				B11813C32926D1090023EC40 /* NSTextAttachment + Extension.swift in Sources */,
				B118138A2926CCCC0023EC40 /* AppDelegate.swift in Sources */,
				B11813C52926D13F0023EC40 /* UIView + Extension.swift in Sources */,
				B118138C2926CCCC0023EC40 /* SceneDelegate.swift in Sources */,
				B11813BE2926D0950023EC40 /* CardViewModel.swift in Sources */,
				B11813C12926D0E40023EC40 /* NSAttributedString + Extension.swift in Sources */,
			);
			runOnlyForDeploymentPostprocessing = 0;
		};
		B118139B2926CCCE0023EC40 /* Sources */ = {
			isa = PBXSourcesBuildPhase;
			buildActionMask = 2147483647;
			files = (
				B11813A42926CCCE0023EC40 /* AppMusicBFTests.swift in Sources */,
			);
			runOnlyForDeploymentPostprocessing = 0;
		};
		B11813A52926CCCE0023EC40 /* Sources */ = {
			isa = PBXSourcesBuildPhase;
			buildActionMask = 2147483647;
			files = (
				B11813B02926CCCE0023EC40 /* AppMusicBFUITestsLaunchTests.swift in Sources */,
				B11813AE2926CCCE0023EC40 /* AppMusicBFUITests.swift in Sources */,
			);
			runOnlyForDeploymentPostprocessing = 0;
		};
/* End PBXSourcesBuildPhase section */

/* Begin PBXTargetDependency section */
		B11813A12926CCCE0023EC40 /* PBXTargetDependency */ = {
			isa = PBXTargetDependency;
			target = B11813852926CCCC0023EC40 /* AppMusicBF */;
			targetProxy = B11813A02926CCCE0023EC40 /* PBXContainerItemProxy */;
		};
		B11813AB2926CCCE0023EC40 /* PBXTargetDependency */ = {
			isa = PBXTargetDependency;
			target = B11813852926CCCC0023EC40 /* AppMusicBF */;
			targetProxy = B11813AA2926CCCE0023EC40 /* PBXContainerItemProxy */;
		};
/* End PBXTargetDependency section */

/* Begin PBXVariantGroup section */
		B11813972926CCCE0023EC40 /* LaunchScreen.storyboard */ = {
			isa = PBXVariantGroup;
			children = (
				B11813982926CCCE0023EC40 /* Base */,
			);
			name = LaunchScreen.storyboard;
			sourceTree = "<group>";
		};
/* End PBXVariantGroup section */

/* Begin XCBuildConfiguration section */
		B11813B12926CCCE0023EC40 /* Debug */ = {
			isa = XCBuildConfiguration;
			buildSettings = {
				ALWAYS_SEARCH_USER_PATHS = NO;
				CLANG_ANALYZER_NONNULL = YES;
				CLANG_ANALYZER_NUMBER_OBJECT_CONVERSION = YES_AGGRESSIVE;
				CLANG_CXX_LANGUAGE_STANDARD = "gnu++17";
				CLANG_ENABLE_MODULES = YES;
				CLANG_ENABLE_OBJC_ARC = YES;
				CLANG_ENABLE_OBJC_WEAK = YES;
				CLANG_WARN_BLOCK_CAPTURE_AUTORELEASING = YES;
				CLANG_WARN_BOOL_CONVERSION = YES;
				CLANG_WARN_COMMA = YES;
				CLANG_WARN_CONSTANT_CONVERSION = YES;
				CLANG_WARN_DEPRECATED_OBJC_IMPLEMENTATIONS = YES;
				CLANG_WARN_DIRECT_OBJC_ISA_USAGE = YES_ERROR;
				CLANG_WARN_DOCUMENTATION_COMMENTS = YES;
				CLANG_WARN_EMPTY_BODY = YES;
				CLANG_WARN_ENUM_CONVERSION = YES;
				CLANG_WARN_INFINITE_RECURSION = YES;
				CLANG_WARN_INT_CONVERSION = YES;
				CLANG_WARN_NON_LITERAL_NULL_CONVERSION = YES;
				CLANG_WARN_OBJC_IMPLICIT_RETAIN_SELF = YES;
				CLANG_WARN_OBJC_LITERAL_CONVERSION = YES;
				CLANG_WARN_OBJC_ROOT_CLASS = YES_ERROR;
				CLANG_WARN_QUOTED_INCLUDE_IN_FRAMEWORK_HEADER = YES;
				CLANG_WARN_RANGE_LOOP_ANALYSIS = YES;
				CLANG_WARN_STRICT_PROTOTYPES = YES;
				CLANG_WARN_SUSPICIOUS_MOVE = YES;
				CLANG_WARN_UNGUARDED_AVAILABILITY = YES_AGGRESSIVE;
				CLANG_WARN_UNREACHABLE_CODE = YES;
				CLANG_WARN__DUPLICATE_METHOD_MATCH = YES;
				COPY_PHASE_STRIP = NO;
				DEBUG_INFORMATION_FORMAT = dwarf;
				ENABLE_STRICT_OBJC_MSGSEND = YES;
				ENABLE_TESTABILITY = YES;
				GCC_C_LANGUAGE_STANDARD = gnu11;
				GCC_DYNAMIC_NO_PIC = NO;
				GCC_NO_COMMON_BLOCKS = YES;
				GCC_OPTIMIZATION_LEVEL = 0;
				GCC_PREPROCESSOR_DEFINITIONS = (
					"DEBUG=1",
					"$(inherited)",
				);
				GCC_WARN_64_TO_32_BIT_CONVERSION = YES;
				GCC_WARN_ABOUT_RETURN_TYPE = YES_ERROR;
				GCC_WARN_UNDECLARED_SELECTOR = YES;
				GCC_WARN_UNINITIALIZED_AUTOS = YES_AGGRESSIVE;
				GCC_WARN_UNUSED_FUNCTION = YES;
				GCC_WARN_UNUSED_VARIABLE = YES;
				IPHONEOS_DEPLOYMENT_TARGET = 15.5;
				MTL_ENABLE_DEBUG_INFO = INCLUDE_SOURCE;
				MTL_FAST_MATH = YES;
				ONLY_ACTIVE_ARCH = YES;
				SDKROOT = iphoneos;
				SWIFT_ACTIVE_COMPILATION_CONDITIONS = DEBUG;
				SWIFT_OPTIMIZATION_LEVEL = "-Onone";
			};
			name = Debug;
		};
		B11813B22926CCCE0023EC40 /* Release */ = {
			isa = XCBuildConfiguration;
			buildSettings = {
				ALWAYS_SEARCH_USER_PATHS = NO;
				CLANG_ANALYZER_NONNULL = YES;
				CLANG_ANALYZER_NUMBER_OBJECT_CONVERSION = YES_AGGRESSIVE;
				CLANG_CXX_LANGUAGE_STANDARD = "gnu++17";
				CLANG_ENABLE_MODULES = YES;
				CLANG_ENABLE_OBJC_ARC = YES;
				CLANG_ENABLE_OBJC_WEAK = YES;
				CLANG_WARN_BLOCK_CAPTURE_AUTORELEASING = YES;
				CLANG_WARN_BOOL_CONVERSION = YES;
				CLANG_WARN_COMMA = YES;
				CLANG_WARN_CONSTANT_CONVERSION = YES;
				CLANG_WARN_DEPRECATED_OBJC_IMPLEMENTATIONS = YES;
				CLANG_WARN_DIRECT_OBJC_ISA_USAGE = YES_ERROR;
				CLANG_WARN_DOCUMENTATION_COMMENTS = YES;
				CLANG_WARN_EMPTY_BODY = YES;
				CLANG_WARN_ENUM_CONVERSION = YES;
				CLANG_WARN_INFINITE_RECURSION = YES;
				CLANG_WARN_INT_CONVERSION = YES;
				CLANG_WARN_NON_LITERAL_NULL_CONVERSION = YES;
				CLANG_WARN_OBJC_IMPLICIT_RETAIN_SELF = YES;
				CLANG_WARN_OBJC_LITERAL_CONVERSION = YES;
				CLANG_WARN_OBJC_ROOT_CLASS = YES_ERROR;
				CLANG_WARN_QUOTED_INCLUDE_IN_FRAMEWORK_HEADER = YES;
				CLANG_WARN_RANGE_LOOP_ANALYSIS = YES;
				CLANG_WARN_STRICT_PROTOTYPES = YES;
				CLANG_WARN_SUSPICIOUS_MOVE = YES;
				CLANG_WARN_UNGUARDED_AVAILABILITY = YES_AGGRESSIVE;
				CLANG_WARN_UNREACHABLE_CODE = YES;
				CLANG_WARN__DUPLICATE_METHOD_MATCH = YES;
				COPY_PHASE_STRIP = NO;
				DEBUG_INFORMATION_FORMAT = "dwarf-with-dsym";
				ENABLE_NS_ASSERTIONS = NO;
				ENABLE_STRICT_OBJC_MSGSEND = YES;
				GCC_C_LANGUAGE_STANDARD = gnu11;
				GCC_NO_COMMON_BLOCKS = YES;
				GCC_WARN_64_TO_32_BIT_CONVERSION = YES;
				GCC_WARN_ABOUT_RETURN_TYPE = YES_ERROR;
				GCC_WARN_UNDECLARED_SELECTOR = YES;
				GCC_WARN_UNINITIALIZED_AUTOS = YES_AGGRESSIVE;
				GCC_WARN_UNUSED_FUNCTION = YES;
				GCC_WARN_UNUSED_VARIABLE = YES;
				IPHONEOS_DEPLOYMENT_TARGET = 15.5;
				MTL_ENABLE_DEBUG_INFO = NO;
				MTL_FAST_MATH = YES;
				SDKROOT = iphoneos;
				SWIFT_COMPILATION_MODE = wholemodule;
				SWIFT_OPTIMIZATION_LEVEL = "-O";
				VALIDATE_PRODUCT = YES;
			};
			name = Release;
		};
		B11813B42926CCCE0023EC40 /* Debug */ = {
			isa = XCBuildConfiguration;
			buildSettings = {
				ASSETCATALOG_COMPILER_APPICON_NAME = AppIcon;
				ASSETCATALOG_COMPILER_GLOBAL_ACCENT_COLOR_NAME = AccentColor;
				CODE_SIGN_STYLE = Automatic;
				CURRENT_PROJECT_VERSION = 1;
				DEVELOPMENT_TEAM = QFL3TKB7D4;
				GENERATE_INFOPLIST_FILE = YES;
				INFOPLIST_FILE = AppMusicBF/Info.plist;
				INFOPLIST_KEY_UIApplicationSupportsIndirectInputEvents = YES;
				INFOPLIST_KEY_UILaunchStoryboardName = LaunchScreen;
				INFOPLIST_KEY_UIMainStoryboardFile = LaunchScreen;
				INFOPLIST_KEY_UISupportedInterfaceOrientations_iPad = "UIInterfaceOrientationPortrait UIInterfaceOrientationPortraitUpsideDown UIInterfaceOrientationLandscapeLeft UIInterfaceOrientationLandscapeRight";
				INFOPLIST_KEY_UISupportedInterfaceOrientations_iPhone = "UIInterfaceOrientationPortrait UIInterfaceOrientationLandscapeLeft UIInterfaceOrientationLandscapeRight";
				LD_RUNPATH_SEARCH_PATHS = (
					"$(inherited)",
					"@executable_path/Frameworks",
				);
				MARKETING_VERSION = 1.0;
				PRODUCT_BUNDLE_IDENTIFIER = "https---github.com-bertiGrazi.AppMusicBF";
				PRODUCT_NAME = "$(TARGET_NAME)";
				SWIFT_EMIT_LOC_STRINGS = YES;
				SWIFT_VERSION = 5.0;
				TARGETED_DEVICE_FAMILY = "1,2";
			};
			name = Debug;
		};
		B11813B52926CCCE0023EC40 /* Release */ = {
			isa = XCBuildConfiguration;
			buildSettings = {
				ASSETCATALOG_COMPILER_APPICON_NAME = AppIcon;
				ASSETCATALOG_COMPILER_GLOBAL_ACCENT_COLOR_NAME = AccentColor;
				CODE_SIGN_STYLE = Automatic;
				CURRENT_PROJECT_VERSION = 1;
				DEVELOPMENT_TEAM = QFL3TKB7D4;
				GENERATE_INFOPLIST_FILE = YES;
				INFOPLIST_FILE = AppMusicBF/Info.plist;
				INFOPLIST_KEY_UIApplicationSupportsIndirectInputEvents = YES;
				INFOPLIST_KEY_UILaunchStoryboardName = LaunchScreen;
				INFOPLIST_KEY_UIMainStoryboardFile = LaunchScreen;
				INFOPLIST_KEY_UISupportedInterfaceOrientations_iPad = "UIInterfaceOrientationPortrait UIInterfaceOrientationPortraitUpsideDown UIInterfaceOrientationLandscapeLeft UIInterfaceOrientationLandscapeRight";
				INFOPLIST_KEY_UISupportedInterfaceOrientations_iPhone = "UIInterfaceOrientationPortrait UIInterfaceOrientationLandscapeLeft UIInterfaceOrientationLandscapeRight";
				LD_RUNPATH_SEARCH_PATHS = (
					"$(inherited)",
					"@executable_path/Frameworks",
				);
				MARKETING_VERSION = 1.0;
				PRODUCT_BUNDLE_IDENTIFIER = "https---github.com-bertiGrazi.AppMusicBF";
				PRODUCT_NAME = "$(TARGET_NAME)";
				SWIFT_EMIT_LOC_STRINGS = YES;
				SWIFT_VERSION = 5.0;
				TARGETED_DEVICE_FAMILY = "1,2";
			};
			name = Release;
		};
		B11813B72926CCCE0023EC40 /* Debug */ = {
			isa = XCBuildConfiguration;
			buildSettings = {
				ALWAYS_EMBED_SWIFT_STANDARD_LIBRARIES = YES;
				BUNDLE_LOADER = "$(TEST_HOST)";
				CODE_SIGN_STYLE = Automatic;
				CURRENT_PROJECT_VERSION = 1;
				DEVELOPMENT_TEAM = QFL3TKB7D4;
				GENERATE_INFOPLIST_FILE = YES;
				IPHONEOS_DEPLOYMENT_TARGET = 15.5;
				MARKETING_VERSION = 1.0;
				PRODUCT_BUNDLE_IDENTIFIER = "https---github.com-bertiGrazi.AppMusicBFTests";
				PRODUCT_NAME = "$(TARGET_NAME)";
				SWIFT_EMIT_LOC_STRINGS = NO;
				SWIFT_VERSION = 5.0;
				TARGETED_DEVICE_FAMILY = "1,2";
				TEST_HOST = "$(BUILT_PRODUCTS_DIR)/AppMusicBF.app/AppMusicBF";
			};
			name = Debug;
		};
		B11813B82926CCCE0023EC40 /* Release */ = {
			isa = XCBuildConfiguration;
			buildSettings = {
				ALWAYS_EMBED_SWIFT_STANDARD_LIBRARIES = YES;
				BUNDLE_LOADER = "$(TEST_HOST)";
				CODE_SIGN_STYLE = Automatic;
				CURRENT_PROJECT_VERSION = 1;
				DEVELOPMENT_TEAM = QFL3TKB7D4;
				GENERATE_INFOPLIST_FILE = YES;
				IPHONEOS_DEPLOYMENT_TARGET = 15.5;
				MARKETING_VERSION = 1.0;
				PRODUCT_BUNDLE_IDENTIFIER = "https---github.com-bertiGrazi.AppMusicBFTests";
				PRODUCT_NAME = "$(TARGET_NAME)";
				SWIFT_EMIT_LOC_STRINGS = NO;
				SWIFT_VERSION = 5.0;
				TARGETED_DEVICE_FAMILY = "1,2";
				TEST_HOST = "$(BUILT_PRODUCTS_DIR)/AppMusicBF.app/AppMusicBF";
			};
			name = Release;
		};
		B11813BA2926CCCE0023EC40 /* Debug */ = {
			isa = XCBuildConfiguration;
			buildSettings = {
				ALWAYS_EMBED_SWIFT_STANDARD_LIBRARIES = YES;
				CODE_SIGN_STYLE = Automatic;
				CURRENT_PROJECT_VERSION = 1;
				DEVELOPMENT_TEAM = QFL3TKB7D4;
				GENERATE_INFOPLIST_FILE = YES;
				MARKETING_VERSION = 1.0;
				PRODUCT_BUNDLE_IDENTIFIER = "https---github.com-bertiGrazi.AppMusicBFUITests";
				PRODUCT_NAME = "$(TARGET_NAME)";
				SWIFT_EMIT_LOC_STRINGS = NO;
				SWIFT_VERSION = 5.0;
				TARGETED_DEVICE_FAMILY = "1,2";
				TEST_TARGET_NAME = AppMusicBF;
			};
			name = Debug;
		};
		B11813BB2926CCCE0023EC40 /* Release */ = {
			isa = XCBuildConfiguration;
			buildSettings = {
				ALWAYS_EMBED_SWIFT_STANDARD_LIBRARIES = YES;
				CODE_SIGN_STYLE = Automatic;
				CURRENT_PROJECT_VERSION = 1;
				DEVELOPMENT_TEAM = QFL3TKB7D4;
				GENERATE_INFOPLIST_FILE = YES;
				MARKETING_VERSION = 1.0;
				PRODUCT_BUNDLE_IDENTIFIER = "https---github.com-bertiGrazi.AppMusicBFUITests";
				PRODUCT_NAME = "$(TARGET_NAME)";
				SWIFT_EMIT_LOC_STRINGS = NO;
				SWIFT_VERSION = 5.0;
				TARGETED_DEVICE_FAMILY = "1,2";
				TEST_TARGET_NAME = AppMusicBF;
			};
			name = Release;
		};
/* End XCBuildConfiguration section */

/* Begin XCConfigurationList section */
		B11813812926CCCC0023EC40 /* Build configuration list for PBXProject "AppMusicBF" */ = {
			isa = XCConfigurationList;
			buildConfigurations = (
				B11813B12926CCCE0023EC40 /* Debug */,
				B11813B22926CCCE0023EC40 /* Release */,
			);
			defaultConfigurationIsVisible = 0;
			defaultConfigurationName = Release;
		};
		B11813B32926CCCE0023EC40 /* Build configuration list for PBXNativeTarget "AppMusicBF" */ = {
			isa = XCConfigurationList;
			buildConfigurations = (
				B11813B42926CCCE0023EC40 /* Debug */,
				B11813B52926CCCE0023EC40 /* Release */,
			);
			defaultConfigurationIsVisible = 0;
			defaultConfigurationName = Release;
		};
		B11813B62926CCCE0023EC40 /* Build configuration list for PBXNativeTarget "AppMusicBFTests" */ = {
			isa = XCConfigurationList;
			buildConfigurations = (
				B11813B72926CCCE0023EC40 /* Debug */,
				B11813B82926CCCE0023EC40 /* Release */,
			);
			defaultConfigurationIsVisible = 0;
			defaultConfigurationName = Release;
		};
		B11813B92926CCCE0023EC40 /* Build configuration list for PBXNativeTarget "AppMusicBFUITests" */ = {
			isa = XCConfigurationList;
			buildConfigurations = (
				B11813BA2926CCCE0023EC40 /* Debug */,
				B11813BB2926CCCE0023EC40 /* Release */,
			);
			defaultConfigurationIsVisible = 0;
			defaultConfigurationName = Release;
		};
/* End XCConfigurationList section */

/* Begin XCVersionGroup section */
		B11813922926CCCC0023EC40 /* AppMusicBF.xcdatamodeld */ = {
			isa = XCVersionGroup;
			children = (
				B11813932926CCCC0023EC40 /* AppMusicBF.xcdatamodel */,
			);
			currentVersion = B11813932926CCCC0023EC40 /* AppMusicBF.xcdatamodel */;
			path = AppMusicBF.xcdatamodeld;
			sourceTree = "<group>";
			versionGroupType = wrapper.xcdatamodel;
		};
/* End XCVersionGroup section */
	};
	rootObject = B118137E2926CCCC0023EC40 /* Project object */;
}
